// !$*UTF8*$!
{
	archiveVersion = 1;
	classes = {
	};
	objectVersion = 46;
	objects = {

/* Begin PBXBuildFile section */
		FCC0E1332A790B8FDD77E387 /* libPods-mh-doctorControl.a in Frameworks */ = {isa = PBXBuildFile; fileRef = 9E3A543EE435231804220E47 /* libPods-mh-doctorControl.a */; };
		FE09434C1C856D6000D6ABC7 /* main.m in Sources */ = {isa = PBXBuildFile; fileRef = FE09434B1C856D6000D6ABC7 /* main.m */; };
		FE0943651C856D6000D6ABC7 /* mh_doctorControlTests.m in Sources */ = {isa = PBXBuildFile; fileRef = FE0943641C856D6000D6ABC7 /* mh_doctorControlTests.m */; };
		FE0943701C856D6000D6ABC7 /* mh_doctorControlUITests.m in Sources */ = {isa = PBXBuildFile; fileRef = FE09436F1C856D6000D6ABC7 /* mh_doctorControlUITests.m */; };
		FE09439E1C8580CB00D6ABC7 /* LaunchScreen.storyboard in Resources */ = {isa = PBXBuildFile; fileRef = FE09439A1C8580CB00D6ABC7 /* LaunchScreen.storyboard */; };
		FE0943A31C85D3DD00D6ABC7 /* Assets.xcassets in Resources */ = {isa = PBXBuildFile; fileRef = FE0943A21C85D3DD00D6ABC7 /* Assets.xcassets */; };
		FE0FA0211C9F9B290042FC3E /* AppDelegate.m in Sources */ = {isa = PBXBuildFile; fileRef = FE0FA0031C9F9B290042FC3E /* AppDelegate.m */; };
		FE0FA0221C9F9B290042FC3E /* MainViewController.m in Sources */ = {isa = PBXBuildFile; fileRef = FE0FA0071C9F9B290042FC3E /* MainViewController.m */; };
		FE0FA0231C9F9B290042FC3E /* DoctorInfoViewController.m in Sources */ = {isa = PBXBuildFile; fileRef = FE0FA00B1C9F9B290042FC3E /* DoctorInfoViewController.m */; };
		FE0FA0241C9F9B290042FC3E /* DoctorInfoViewController.xib in Resources */ = {isa = PBXBuildFile; fileRef = FE0FA00C1C9F9B290042FC3E /* DoctorInfoViewController.xib */; };
		FE0FA0251C9F9B290042FC3E /* FocusViewController.m in Sources */ = {isa = PBXBuildFile; fileRef = FE0FA00E1C9F9B290042FC3E /* FocusViewController.m */; };
		FE0FA0261C9F9B290042FC3E /* TeamViewController.m in Sources */ = {isa = PBXBuildFile; fileRef = FE0FA0101C9F9B290042FC3E /* TeamViewController.m */; };
		FE0FA0271C9F9B290042FC3E /* HomeViewController.m in Sources */ = {isa = PBXBuildFile; fileRef = FE0FA0161C9F9B290042FC3E /* HomeViewController.m */; };
		FE0FA0281C9F9B290042FC3E /* HomeViewController.xib in Resources */ = {isa = PBXBuildFile; fileRef = FE0FA0171C9F9B290042FC3E /* HomeViewController.xib */; };
		FE0FA0291C9F9B290042FC3E /* IndividalSettingViewController.m in Sources */ = {isa = PBXBuildFile; fileRef = FE0FA01D1C9F9B290042FC3E /* IndividalSettingViewController.m */; };
		FE0FA02A1C9F9B290042FC3E /* IndividalSettingViewController.xib in Resources */ = {isa = PBXBuildFile; fileRef = FE0FA01E1C9F9B290042FC3E /* IndividalSettingViewController.xib */; };
		FE27E89D1CA2D4F40036515B /* FamousDoctorSearchTableViewController.m in Sources */ = {isa = PBXBuildFile; fileRef = FE27E89C1CA2D4F30036515B /* FamousDoctorSearchTableViewController.m */; };
		FE27E8A01CA2DD850036515B /* MHSearchBar.m in Sources */ = {isa = PBXBuildFile; fileRef = FE27E89F1CA2DD850036515B /* MHSearchBar.m */; };
		FE3EEDA21CA8DB7600A5B685 /* ChineseInclude.m in Sources */ = {isa = PBXBuildFile; fileRef = FE3EED941CA8DB7600A5B685 /* ChineseInclude.m */; };
		FE3EEDA31CA8DB7600A5B685 /* ChineseToPinyinResource.m in Sources */ = {isa = PBXBuildFile; fileRef = FE3EED961CA8DB7600A5B685 /* ChineseToPinyinResource.m */; };
		FE3EEDA51CA8DB7600A5B685 /* NSString+PinYin4Cocoa.m in Sources */ = {isa = PBXBuildFile; fileRef = FE3EED9A1CA8DB7600A5B685 /* NSString+PinYin4Cocoa.m */; };
		FE3EEDA61CA8DB7600A5B685 /* PinyinFormatter.m in Sources */ = {isa = PBXBuildFile; fileRef = FE3EED9C1CA8DB7600A5B685 /* PinyinFormatter.m */; };
		FE3EEDA71CA8DB7600A5B685 /* PinYinForObjc.m in Sources */ = {isa = PBXBuildFile; fileRef = FE3EED9E1CA8DB7600A5B685 /* PinYinForObjc.m */; };
		FE3EEDA81CA8DB7600A5B685 /* PinyinHelper.m in Sources */ = {isa = PBXBuildFile; fileRef = FE3EEDA01CA8DB7600A5B685 /* PinyinHelper.m */; };
		FE3EEDA91CA8DB7600A5B685 /* unicode_to_hanyu_pinyin.txt in Resources */ = {isa = PBXBuildFile; fileRef = FE3EEDA11CA8DB7600A5B685 /* unicode_to_hanyu_pinyin.txt */; };
		FE3EEDAC1CA8FAB500A5B685 /* HanyuPinyinOutputFormat.m in Sources */ = {isa = PBXBuildFile; fileRef = FE3EEDAB1CA8FAB500A5B685 /* HanyuPinyinOutputFormat.m */; };
		FE6262F31CB2B0C000C02B47 /* NSObject+addressBook.m in Sources */ = {isa = PBXBuildFile; fileRef = FE6262D41CB2B0C000C02B47 /* NSObject+addressBook.m */; };
		FE6262F41CB2B0C000C02B47 /* NSObject+TextSize.m in Sources */ = {isa = PBXBuildFile; fileRef = FE6262D61CB2B0C000C02B47 /* NSObject+TextSize.m */; };
		FE6262F51CB2B0C000C02B47 /* UIColor+HEX.m in Sources */ = {isa = PBXBuildFile; fileRef = FE6262D81CB2B0C000C02B47 /* UIColor+HEX.m */; };
		FE6262F61CB2B0C000C02B47 /* UIImage+Image.m in Sources */ = {isa = PBXBuildFile; fileRef = FE6262DA1CB2B0C000C02B47 /* UIImage+Image.m */; };
		FE6262F71CB2B0C000C02B47 /* UIView+Frame.m in Sources */ = {isa = PBXBuildFile; fileRef = FE6262DC1CB2B0C000C02B47 /* UIView+Frame.m */; };
		FE6262F81CB2B0C000C02B47 /* HLHospitalContactViewController.m in Sources */ = {isa = PBXBuildFile; fileRef = FE6262DF1CB2B0C000C02B47 /* HLHospitalContactViewController.m */; };
		FE6262F91CB2B0C000C02B47 /* HLProfileViewController.m in Sources */ = {isa = PBXBuildFile; fileRef = FE6262E11CB2B0C000C02B47 /* HLProfileViewController.m */; };
		FE6262FA1CB2B0C000C02B47 /* HLContactDoctors.plist in Resources */ = {isa = PBXBuildFile; fileRef = FE6262E21CB2B0C000C02B47 /* HLContactDoctors.plist */; };
		FE6262FB1CB2B0C000C02B47 /* HLContactDoctor.m in Sources */ = {isa = PBXBuildFile; fileRef = FE6262E51CB2B0C000C02B47 /* HLContactDoctor.m */; };
		FE6262FC1CB2B0C000C02B47 /* HLContactDoctorGroup.m in Sources */ = {isa = PBXBuildFile; fileRef = FE6262E71CB2B0C000C02B47 /* HLContactDoctorGroup.m */; };
		FE6262FD1CB2B0C000C02B47 /* HLContactDoctorContactsHeadView.m in Sources */ = {isa = PBXBuildFile; fileRef = FE6262EA1CB2B0C000C02B47 /* HLContactDoctorContactsHeadView.m */; };
		FE6262FE1CB2B0C000C02B47 /* HLContactProileHeadView.m in Sources */ = {isa = PBXBuildFile; fileRef = FE6262EC1CB2B0C000C02B47 /* HLContactProileHeadView.m */; };
		FE6262FF1CB2B0C000C02B47 /* HLContactsProileBaseCell.m in Sources */ = {isa = PBXBuildFile; fileRef = FE6262EE1CB2B0C000C02B47 /* HLContactsProileBaseCell.m */; };
		FE6263001CB2B0C000C02B47 /* HLContactsProileSecitonCell.m in Sources */ = {isa = PBXBuildFile; fileRef = FE6262F01CB2B0C000C02B47 /* HLContactsProileSecitonCell.m */; };
		FE6263011CB2B0C000C02B47 /* HLContactsTableViewCell.m in Sources */ = {isa = PBXBuildFile; fileRef = FE6262F21CB2B0C000C02B47 /* HLContactsTableViewCell.m */; };
		FE6263091CB2B42A00C02B47 /* MBProgressHUD+Add.m in Sources */ = {isa = PBXBuildFile; fileRef = FE6263081CB2B42A00C02B47 /* MBProgressHUD+Add.m */; };
		FE82145F1CB3FC2C00846DED /* ConsultRecorTableViewCell.m in Sources */ = {isa = PBXBuildFile; fileRef = FE82145D1CB3FC2C00846DED /* ConsultRecorTableViewCell.m */; };
		FE8214601CB3FC2C00846DED /* ConsultRecorTableViewCell.xib in Resources */ = {isa = PBXBuildFile; fileRef = FE82145E1CB3FC2C00846DED /* ConsultRecorTableViewCell.xib */; };
		FE8214A21CB4170200846DED /* NSObject+TextSize.m in Sources */ = {isa = PBXBuildFile; fileRef = FE8214641CB4170200846DED /* NSObject+TextSize.m */; };
		FE8214A31CB4170200846DED /* UIImage+Image.m in Sources */ = {isa = PBXBuildFile; fileRef = FE8214661CB4170200846DED /* UIImage+Image.m */; };
		FE8214A41CB4170200846DED /* UIView+Frame.m in Sources */ = {isa = PBXBuildFile; fileRef = FE8214681CB4170200846DED /* UIView+Frame.m */; };
		FE8214A51CB4170200846DED /* HLPDFCatagoryController.m in Sources */ = {isa = PBXBuildFile; fileRef = FE82146B1CB4170200846DED /* HLPDFCatagoryController.m */; };
		FE8214A61CB4170200846DED /* HLSummaryController.m in Sources */ = {isa = PBXBuildFile; fileRef = FE82146D1CB4170200846DED /* HLSummaryController.m */; };
		FE8214A71CB4170200846DED /* HLPDFCatagory.plist in Resources */ = {isa = PBXBuildFile; fileRef = FE82146E1CB4170200846DED /* HLPDFCatagory.plist */; };
		FE8214A81CB4170200846DED /* HLPDFManager.m in Sources */ = {isa = PBXBuildFile; fileRef = FE8214701CB4170200846DED /* HLPDFManager.m */; };
		FE8214A91CB4170200846DED /* HLPDFArticle.m in Sources */ = {isa = PBXBuildFile; fileRef = FE8214731CB4170200846DED /* HLPDFArticle.m */; };
		FE8214AA1CB4170200846DED /* HLPDFCatagory.m in Sources */ = {isa = PBXBuildFile; fileRef = FE8214751CB4170200846DED /* HLPDFCatagory.m */; };
		FE8214AB1CB4170200846DED /* CGPDFDocument.m in Sources */ = {isa = PBXBuildFile; fileRef = FE8214781CB4170200846DED /* CGPDFDocument.m */; };
		FE8214AC1CB4170200846DED /* ReaderConstants.m in Sources */ = {isa = PBXBuildFile; fileRef = FE82147A1CB4170200846DED /* ReaderConstants.m */; };
		FE8214AD1CB4170200846DED /* ReaderContentPage.m in Sources */ = {isa = PBXBuildFile; fileRef = FE82147C1CB4170200846DED /* ReaderContentPage.m */; };
		FE8214AE1CB4170200846DED /* ReaderContentTile.m in Sources */ = {isa = PBXBuildFile; fileRef = FE82147E1CB4170200846DED /* ReaderContentTile.m */; };
		FE8214AF1CB4170200846DED /* ReaderContentView.m in Sources */ = {isa = PBXBuildFile; fileRef = FE8214801CB4170200846DED /* ReaderContentView.m */; };
		FE8214B01CB4170200846DED /* ReaderDocument.m in Sources */ = {isa = PBXBuildFile; fileRef = FE8214821CB4170200846DED /* ReaderDocument.m */; };
		FE8214B11CB4170200846DED /* ReaderDocumentOutline.m in Sources */ = {isa = PBXBuildFile; fileRef = FE8214841CB4170200846DED /* ReaderDocumentOutline.m */; };
		FE8214B21CB4170200846DED /* ReaderMainPagebar.m in Sources */ = {isa = PBXBuildFile; fileRef = FE8214861CB4170200846DED /* ReaderMainPagebar.m */; };
		FE8214B31CB4170200846DED /* ReaderMainToolbar.m in Sources */ = {isa = PBXBuildFile; fileRef = FE8214881CB4170200846DED /* ReaderMainToolbar.m */; };
		FE8214B41CB4170200846DED /* ReaderThumbCache.m in Sources */ = {isa = PBXBuildFile; fileRef = FE82148A1CB4170200846DED /* ReaderThumbCache.m */; };
		FE8214B51CB4170200846DED /* ReaderThumbFetch.m in Sources */ = {isa = PBXBuildFile; fileRef = FE82148C1CB4170200846DED /* ReaderThumbFetch.m */; };
		FE8214B61CB4170200846DED /* ReaderThumbQueue.m in Sources */ = {isa = PBXBuildFile; fileRef = FE82148E1CB4170200846DED /* ReaderThumbQueue.m */; };
		FE8214B71CB4170200846DED /* ReaderThumbRender.m in Sources */ = {isa = PBXBuildFile; fileRef = FE8214901CB4170200846DED /* ReaderThumbRender.m */; };
		FE8214B81CB4170200846DED /* ReaderThumbRequest.m in Sources */ = {isa = PBXBuildFile; fileRef = FE8214921CB4170200846DED /* ReaderThumbRequest.m */; };
		FE8214B91CB4170200846DED /* ReaderThumbsView.m in Sources */ = {isa = PBXBuildFile; fileRef = FE8214941CB4170200846DED /* ReaderThumbsView.m */; };
		FE8214BA1CB4170200846DED /* ReaderThumbView.m in Sources */ = {isa = PBXBuildFile; fileRef = FE8214961CB4170200846DED /* ReaderThumbView.m */; };
		FE8214BB1CB4170200846DED /* ReaderViewController.m in Sources */ = {isa = PBXBuildFile; fileRef = FE8214981CB4170200846DED /* ReaderViewController.m */; };
		FE8214BC1CB4170200846DED /* ThumbsMainToolbar.m in Sources */ = {isa = PBXBuildFile; fileRef = FE82149A1CB4170200846DED /* ThumbsMainToolbar.m */; };
		FE8214BD1CB4170200846DED /* ThumbsViewController.m in Sources */ = {isa = PBXBuildFile; fileRef = FE82149C1CB4170200846DED /* ThumbsViewController.m */; };
		FE8214BE1CB4170200846DED /* UIXToolbarView.m in Sources */ = {isa = PBXBuildFile; fileRef = FE82149E1CB4170200846DED /* UIXToolbarView.m */; };
		FE8214BF1CB4170200846DED /* HLPDFCatagoryHeadView.m in Sources */ = {isa = PBXBuildFile; fileRef = FE8214A11CB4170200846DED /* HLPDFCatagoryHeadView.m */; };
		FE97C13A1CAB7B7F00AAD915 /* FamousDoctorTableViewCell.m in Sources */ = {isa = PBXBuildFile; fileRef = FE97C1381CAB7B7F00AAD915 /* FamousDoctorTableViewCell.m */; };
		FE97C13B1CAB7B7F00AAD915 /* FamousDoctorTableViewCell.xib in Resources */ = {isa = PBXBuildFile; fileRef = FE97C1391CAB7B7F00AAD915 /* FamousDoctorTableViewCell.xib */; };
		FE97C13E1CABB86100AAD915 /* DoctorInfoModel.m in Sources */ = {isa = PBXBuildFile; fileRef = FE97C13D1CABB86100AAD915 /* DoctorInfoModel.m */; };
		FE97C1401CABBDD400AAD915 /* DoctorInfo.plist in Resources */ = {isa = PBXBuildFile; fileRef = FE97C13F1CABBDD400AAD915 /* DoctorInfo.plist */; };
		FED231071CB552BB00531E30 /* QRCameraSwitchButton.m in Sources */ = {isa = PBXBuildFile; fileRef = FED230EF1CB552BB00531E30 /* QRCameraSwitchButton.m */; };
		FED231081CB552BB00531E30 /* QRCodeReader.m in Sources */ = {isa = PBXBuildFile; fileRef = FED230F11CB552BB00531E30 /* QRCodeReader.m */; };
		FED231091CB552BB00531E30 /* QRCodeReaderAanimationLineView.m in Sources */ = {isa = PBXBuildFile; fileRef = FED230F51CB552BB00531E30 /* QRCodeReaderAanimationLineView.m */; };
		FED2310A1CB552BB00531E30 /* QRCodeReaderMaskView.m in Sources */ = {isa = PBXBuildFile; fileRef = FED230F71CB552BB00531E30 /* QRCodeReaderMaskView.m */; };
		FED2310B1CB552BB00531E30 /* QRCodeReaderView.m in Sources */ = {isa = PBXBuildFile; fileRef = FED230F91CB552BB00531E30 /* QRCodeReaderView.m */; };
		FED2310C1CB552BB00531E30 /* QRCodeReaderViewController.m in Sources */ = {isa = PBXBuildFile; fileRef = FED230FB1CB552BB00531E30 /* QRCodeReaderViewController.m */; };
		FED2310D1CB552BB00531E30 /* QRCodeBottomLeft@2x.png in Resources */ = {isa = PBXBuildFile; fileRef = FED230FD1CB552BB00531E30 /* QRCodeBottomLeft@2x.png */; };
		FED2310E1CB552BB00531E30 /* QRCodeBottomLeft@3x.png in Resources */ = {isa = PBXBuildFile; fileRef = FED230FE1CB552BB00531E30 /* QRCodeBottomLeft@3x.png */; };
		FED2310F1CB552BB00531E30 /* QRCodeBottomRight@2x.png in Resources */ = {isa = PBXBuildFile; fileRef = FED230FF1CB552BB00531E30 /* QRCodeBottomRight@2x.png */; };
		FED231101CB552BB00531E30 /* QRCodeBottomRight@3x.png in Resources */ = {isa = PBXBuildFile; fileRef = FED231001CB552BB00531E30 /* QRCodeBottomRight@3x.png */; };
		FED231111CB552BB00531E30 /* QRCodeLine@2x.png in Resources */ = {isa = PBXBuildFile; fileRef = FED231011CB552BB00531E30 /* QRCodeLine@2x.png */; };
		FED231121CB552BB00531E30 /* QRCodeLine@3x.png in Resources */ = {isa = PBXBuildFile; fileRef = FED231021CB552BB00531E30 /* QRCodeLine@3x.png */; };
		FED231131CB552BB00531E30 /* QRCodeTopLeft@2x.png in Resources */ = {isa = PBXBuildFile; fileRef = FED231031CB552BB00531E30 /* QRCodeTopLeft@2x.png */; };
		FED231141CB552BB00531E30 /* QRCodeTopLeft@3x.png in Resources */ = {isa = PBXBuildFile; fileRef = FED231041CB552BB00531E30 /* QRCodeTopLeft@3x.png */; };
		FED231151CB552BB00531E30 /* QRCodeTopRight@2x.png in Resources */ = {isa = PBXBuildFile; fileRef = FED231051CB552BB00531E30 /* QRCodeTopRight@2x.png */; };
		FED231161CB552BB00531E30 /* QRCodeTopRight@3x.png in Resources */ = {isa = PBXBuildFile; fileRef = FED231061CB552BB00531E30 /* QRCodeTopRight@3x.png */; };
		FED231191CB565ED00531E30 /* WebViewInfoViewController.m in Sources */ = {isa = PBXBuildFile; fileRef = FED231181CB565ED00531E30 /* WebViewInfoViewController.m */; };
		FED2311D1CB67E3100531E30 /* webpart in Resources */ = {isa = PBXBuildFile; fileRef = FED2311C1CB67E3100531E30 /* webpart */; };
		FEDE6A071CC5420000581910 /* DoctorIntroduceViewController.m in Sources */ = {isa = PBXBuildFile; fileRef = FEDE6A061CC5420000581910 /* DoctorIntroduceViewController.m */; };
		FEF689B61CAEBD0C00595F93 /* DoctorFunctionViewController.m in Sources */ = {isa = PBXBuildFile; fileRef = FEF689B51CAEBD0C00595F93 /* DoctorFunctionViewController.m */; };
		FEF689BA1CB00CC000595F93 /* DoctorInfoTableViewCell.m in Sources */ = {isa = PBXBuildFile; fileRef = FEF689B81CB00CC000595F93 /* DoctorInfoTableViewCell.m */; };
		FEF689BB1CB00CC000595F93 /* DoctorInfoTableViewCell.xib in Resources */ = {isa = PBXBuildFile; fileRef = FEF689B91CB00CC000595F93 /* DoctorInfoTableViewCell.xib */; };
		FEF689BE1CB0289D00595F93 /* OpenServiceTableViewController.m in Sources */ = {isa = PBXBuildFile; fileRef = FEF689BD1CB0289D00595F93 /* OpenServiceTableViewController.m */; };
		FEF689C11CB1534E00595F93 /* ConsultRecordTableViewController.m in Sources */ = {isa = PBXBuildFile; fileRef = FEF689C01CB1534E00595F93 /* ConsultRecordTableViewController.m */; };
		FEF689C41CB153E900595F93 /* PatientCommentTableViewController.m in Sources */ = {isa = PBXBuildFile; fileRef = FEF689C31CB153E900595F93 /* PatientCommentTableViewController.m */; };
		FEF689C71CB15D6F00595F93 /* InfoChooseViewController.m in Sources */ = {isa = PBXBuildFile; fileRef = FEF689C61CB15D6F00595F93 /* InfoChooseViewController.m */; };
/* End PBXBuildFile section */

/* Begin PBXContainerItemProxy section */
		FE0943611C856D6000D6ABC7 /* PBXContainerItemProxy */ = {
			isa = PBXContainerItemProxy;
			containerPortal = FE09433F1C856D6000D6ABC7 /* Project object */;
			proxyType = 1;
			remoteGlobalIDString = FE0943461C856D6000D6ABC7;
			remoteInfo = "mh-doctorControl";
		};
		FE09436C1C856D6000D6ABC7 /* PBXContainerItemProxy */ = {
			isa = PBXContainerItemProxy;
			containerPortal = FE09433F1C856D6000D6ABC7 /* Project object */;
			proxyType = 1;
			remoteGlobalIDString = FE0943461C856D6000D6ABC7;
			remoteInfo = "mh-doctorControl";
		};
/* End PBXContainerItemProxy section */

/* Begin PBXFileReference section */
		5551EBE1C359DBF24B11AE58 /* Pods-mh-doctorControl.release.xcconfig */ = {isa = PBXFileReference; includeInIndex = 1; lastKnownFileType = text.xcconfig; name = "Pods-mh-doctorControl.release.xcconfig"; path = "Pods/Target Support Files/Pods-mh-doctorControl/Pods-mh-doctorControl.release.xcconfig"; sourceTree = "<group>"; };
		9A02623EA073488176D07A08 /* Pods-mh-doctorControl.debug.xcconfig */ = {isa = PBXFileReference; includeInIndex = 1; lastKnownFileType = text.xcconfig; name = "Pods-mh-doctorControl.debug.xcconfig"; path = "Pods/Target Support Files/Pods-mh-doctorControl/Pods-mh-doctorControl.debug.xcconfig"; sourceTree = "<group>"; };
		9E3A543EE435231804220E47 /* libPods-mh-doctorControl.a */ = {isa = PBXFileReference; explicitFileType = archive.ar; includeInIndex = 0; path = "libPods-mh-doctorControl.a"; sourceTree = BUILT_PRODUCTS_DIR; };
		FE0943471C856D6000D6ABC7 /* mh-doctorControl.app */ = {isa = PBXFileReference; explicitFileType = wrapper.application; includeInIndex = 0; path = "mh-doctorControl.app"; sourceTree = BUILT_PRODUCTS_DIR; };
		FE09434B1C856D6000D6ABC7 /* main.m */ = {isa = PBXFileReference; lastKnownFileType = sourcecode.c.objc; path = main.m; sourceTree = "<group>"; };
		FE09435B1C856D6000D6ABC7 /* Info.plist */ = {isa = PBXFileReference; lastKnownFileType = text.plist.xml; path = Info.plist; sourceTree = "<group>"; };
		FE0943601C856D6000D6ABC7 /* mh-doctorControlTests.xctest */ = {isa = PBXFileReference; explicitFileType = wrapper.cfbundle; includeInIndex = 0; path = "mh-doctorControlTests.xctest"; sourceTree = BUILT_PRODUCTS_DIR; };
		FE0943641C856D6000D6ABC7 /* mh_doctorControlTests.m */ = {isa = PBXFileReference; lastKnownFileType = sourcecode.c.objc; path = mh_doctorControlTests.m; sourceTree = "<group>"; };
		FE0943661C856D6000D6ABC7 /* Info.plist */ = {isa = PBXFileReference; lastKnownFileType = text.plist.xml; path = Info.plist; sourceTree = "<group>"; };
		FE09436B1C856D6000D6ABC7 /* mh-doctorControlUITests.xctest */ = {isa = PBXFileReference; explicitFileType = wrapper.cfbundle; includeInIndex = 0; path = "mh-doctorControlUITests.xctest"; sourceTree = BUILT_PRODUCTS_DIR; };
		FE09436F1C856D6000D6ABC7 /* mh_doctorControlUITests.m */ = {isa = PBXFileReference; lastKnownFileType = sourcecode.c.objc; path = mh_doctorControlUITests.m; sourceTree = "<group>"; };
		FE0943711C856D6000D6ABC7 /* Info.plist */ = {isa = PBXFileReference; lastKnownFileType = text.plist.xml; path = Info.plist; sourceTree = "<group>"; };
		FE09439B1C8580CB00D6ABC7 /* Base */ = {isa = PBXFileReference; lastKnownFileType = file.storyboard; name = Base; path = Base.lproj/LaunchScreen.storyboard; sourceTree = "<group>"; };
		FE0943A21C85D3DD00D6ABC7 /* Assets.xcassets */ = {isa = PBXFileReference; lastKnownFileType = folder.assetcatalog; path = Assets.xcassets; sourceTree = "<group>"; };
		FE0FA0021C9F9B290042FC3E /* AppDelegate.h */ = {isa = PBXFileReference; fileEncoding = 4; lastKnownFileType = sourcecode.c.h; path = AppDelegate.h; sourceTree = "<group>"; };
		FE0FA0031C9F9B290042FC3E /* AppDelegate.m */ = {isa = PBXFileReference; fileEncoding = 4; lastKnownFileType = sourcecode.c.objc; path = AppDelegate.m; sourceTree = "<group>"; };
		FE0FA0061C9F9B290042FC3E /* MainViewController.h */ = {isa = PBXFileReference; fileEncoding = 4; lastKnownFileType = sourcecode.c.h; path = MainViewController.h; sourceTree = "<group>"; };
		FE0FA0071C9F9B290042FC3E /* MainViewController.m */ = {isa = PBXFileReference; fileEncoding = 4; lastKnownFileType = sourcecode.c.objc; path = MainViewController.m; sourceTree = "<group>"; };
		FE0FA00A1C9F9B290042FC3E /* DoctorInfoViewController.h */ = {isa = PBXFileReference; fileEncoding = 4; lastKnownFileType = sourcecode.c.h; path = DoctorInfoViewController.h; sourceTree = "<group>"; };
		FE0FA00B1C9F9B290042FC3E /* DoctorInfoViewController.m */ = {isa = PBXFileReference; fileEncoding = 4; lastKnownFileType = sourcecode.c.objc; path = DoctorInfoViewController.m; sourceTree = "<group>"; };
		FE0FA00C1C9F9B290042FC3E /* DoctorInfoViewController.xib */ = {isa = PBXFileReference; fileEncoding = 4; lastKnownFileType = file.xib; path = DoctorInfoViewController.xib; sourceTree = "<group>"; };
		FE0FA00D1C9F9B290042FC3E /* FocusViewController.h */ = {isa = PBXFileReference; fileEncoding = 4; lastKnownFileType = sourcecode.c.h; path = FocusViewController.h; sourceTree = "<group>"; };
		FE0FA00E1C9F9B290042FC3E /* FocusViewController.m */ = {isa = PBXFileReference; fileEncoding = 4; lastKnownFileType = sourcecode.c.objc; path = FocusViewController.m; sourceTree = "<group>"; };
		FE0FA00F1C9F9B290042FC3E /* TeamViewController.h */ = {isa = PBXFileReference; fileEncoding = 4; lastKnownFileType = sourcecode.c.h; path = TeamViewController.h; sourceTree = "<group>"; };
		FE0FA0101C9F9B290042FC3E /* TeamViewController.m */ = {isa = PBXFileReference; fileEncoding = 4; lastKnownFileType = sourcecode.c.objc; path = TeamViewController.m; sourceTree = "<group>"; };
		FE0FA0151C9F9B290042FC3E /* HomeViewController.h */ = {isa = PBXFileReference; fileEncoding = 4; lastKnownFileType = sourcecode.c.h; path = HomeViewController.h; sourceTree = "<group>"; };
		FE0FA0161C9F9B290042FC3E /* HomeViewController.m */ = {isa = PBXFileReference; fileEncoding = 4; lastKnownFileType = sourcecode.c.objc; path = HomeViewController.m; sourceTree = "<group>"; };
		FE0FA0171C9F9B290042FC3E /* HomeViewController.xib */ = {isa = PBXFileReference; fileEncoding = 4; lastKnownFileType = file.xib; path = HomeViewController.xib; sourceTree = "<group>"; };
		FE0FA01C1C9F9B290042FC3E /* IndividalSettingViewController.h */ = {isa = PBXFileReference; fileEncoding = 4; lastKnownFileType = sourcecode.c.h; path = IndividalSettingViewController.h; sourceTree = "<group>"; };
		FE0FA01D1C9F9B290042FC3E /* IndividalSettingViewController.m */ = {isa = PBXFileReference; fileEncoding = 4; lastKnownFileType = sourcecode.c.objc; path = IndividalSettingViewController.m; sourceTree = "<group>"; };
		FE0FA01E1C9F9B290042FC3E /* IndividalSettingViewController.xib */ = {isa = PBXFileReference; fileEncoding = 4; lastKnownFileType = file.xib; path = IndividalSettingViewController.xib; sourceTree = "<group>"; };
		FE27E89B1CA2D4F30036515B /* FamousDoctorSearchTableViewController.h */ = {isa = PBXFileReference; fileEncoding = 4; lastKnownFileType = sourcecode.c.h; path = FamousDoctorSearchTableViewController.h; sourceTree = "<group>"; };
		FE27E89C1CA2D4F30036515B /* FamousDoctorSearchTableViewController.m */ = {isa = PBXFileReference; fileEncoding = 4; lastKnownFileType = sourcecode.c.objc; path = FamousDoctorSearchTableViewController.m; sourceTree = "<group>"; };
		FE27E89E1CA2DD850036515B /* MHSearchBar.h */ = {isa = PBXFileReference; fileEncoding = 4; lastKnownFileType = sourcecode.c.h; path = MHSearchBar.h; sourceTree = "<group>"; };
		FE27E89F1CA2DD850036515B /* MHSearchBar.m */ = {isa = PBXFileReference; fileEncoding = 4; lastKnownFileType = sourcecode.c.objc; path = MHSearchBar.m; sourceTree = "<group>"; };
		FE3EED931CA8DB7600A5B685 /* ChineseInclude.h */ = {isa = PBXFileReference; fileEncoding = 4; lastKnownFileType = sourcecode.c.h; path = ChineseInclude.h; sourceTree = "<group>"; };
		FE3EED941CA8DB7600A5B685 /* ChineseInclude.m */ = {isa = PBXFileReference; fileEncoding = 4; lastKnownFileType = sourcecode.c.objc; path = ChineseInclude.m; sourceTree = "<group>"; };
		FE3EED951CA8DB7600A5B685 /* ChineseToPinyinResource.h */ = {isa = PBXFileReference; fileEncoding = 4; lastKnownFileType = sourcecode.c.h; path = ChineseToPinyinResource.h; sourceTree = "<group>"; };
		FE3EED961CA8DB7600A5B685 /* ChineseToPinyinResource.m */ = {isa = PBXFileReference; fileEncoding = 4; lastKnownFileType = sourcecode.c.objc; path = ChineseToPinyinResource.m; sourceTree = "<group>"; };
		FE3EED991CA8DB7600A5B685 /* NSString+PinYin4Cocoa.h */ = {isa = PBXFileReference; fileEncoding = 4; lastKnownFileType = sourcecode.c.h; path = "NSString+PinYin4Cocoa.h"; sourceTree = "<group>"; };
		FE3EED9A1CA8DB7600A5B685 /* NSString+PinYin4Cocoa.m */ = {isa = PBXFileReference; fileEncoding = 4; lastKnownFileType = sourcecode.c.objc; path = "NSString+PinYin4Cocoa.m"; sourceTree = "<group>"; };
		FE3EED9B1CA8DB7600A5B685 /* PinyinFormatter.h */ = {isa = PBXFileReference; fileEncoding = 4; lastKnownFileType = sourcecode.c.h; path = PinyinFormatter.h; sourceTree = "<group>"; };
		FE3EED9C1CA8DB7600A5B685 /* PinyinFormatter.m */ = {isa = PBXFileReference; fileEncoding = 4; lastKnownFileType = sourcecode.c.objc; path = PinyinFormatter.m; sourceTree = "<group>"; };
		FE3EED9D1CA8DB7600A5B685 /* PinYinForObjc.h */ = {isa = PBXFileReference; fileEncoding = 4; lastKnownFileType = sourcecode.c.h; path = PinYinForObjc.h; sourceTree = "<group>"; };
		FE3EED9E1CA8DB7600A5B685 /* PinYinForObjc.m */ = {isa = PBXFileReference; fileEncoding = 4; lastKnownFileType = sourcecode.c.objc; path = PinYinForObjc.m; sourceTree = "<group>"; };
		FE3EED9F1CA8DB7600A5B685 /* PinyinHelper.h */ = {isa = PBXFileReference; fileEncoding = 4; lastKnownFileType = sourcecode.c.h; path = PinyinHelper.h; sourceTree = "<group>"; };
		FE3EEDA01CA8DB7600A5B685 /* PinyinHelper.m */ = {isa = PBXFileReference; fileEncoding = 4; lastKnownFileType = sourcecode.c.objc; path = PinyinHelper.m; sourceTree = "<group>"; };
		FE3EEDA11CA8DB7600A5B685 /* unicode_to_hanyu_pinyin.txt */ = {isa = PBXFileReference; fileEncoding = 4; lastKnownFileType = text; path = unicode_to_hanyu_pinyin.txt; sourceTree = "<group>"; };
		FE3EEDAA1CA8FAB500A5B685 /* HanyuPinyinOutputFormat.h */ = {isa = PBXFileReference; fileEncoding = 4; lastKnownFileType = sourcecode.c.h; path = HanyuPinyinOutputFormat.h; sourceTree = "<group>"; };
		FE3EEDAB1CA8FAB500A5B685 /* HanyuPinyinOutputFormat.m */ = {isa = PBXFileReference; fileEncoding = 4; lastKnownFileType = sourcecode.c.objc; path = HanyuPinyinOutputFormat.m; sourceTree = "<group>"; };
		FE6262D31CB2B0C000C02B47 /* NSObject+addressBook.h */ = {isa = PBXFileReference; fileEncoding = 4; lastKnownFileType = sourcecode.c.h; path = "NSObject+addressBook.h"; sourceTree = "<group>"; };
		FE6262D41CB2B0C000C02B47 /* NSObject+addressBook.m */ = {isa = PBXFileReference; fileEncoding = 4; lastKnownFileType = sourcecode.c.objc; path = "NSObject+addressBook.m"; sourceTree = "<group>"; };
		FE6262D51CB2B0C000C02B47 /* NSObject+TextSize.h */ = {isa = PBXFileReference; fileEncoding = 4; lastKnownFileType = sourcecode.c.h; path = "NSObject+TextSize.h"; sourceTree = "<group>"; };
		FE6262D61CB2B0C000C02B47 /* NSObject+TextSize.m */ = {isa = PBXFileReference; fileEncoding = 4; lastKnownFileType = sourcecode.c.objc; path = "NSObject+TextSize.m"; sourceTree = "<group>"; };
		FE6262D71CB2B0C000C02B47 /* UIColor+HEX.h */ = {isa = PBXFileReference; fileEncoding = 4; lastKnownFileType = sourcecode.c.h; path = "UIColor+HEX.h"; sourceTree = "<group>"; };
		FE6262D81CB2B0C000C02B47 /* UIColor+HEX.m */ = {isa = PBXFileReference; fileEncoding = 4; lastKnownFileType = sourcecode.c.objc; path = "UIColor+HEX.m"; sourceTree = "<group>"; };
		FE6262D91CB2B0C000C02B47 /* UIImage+Image.h */ = {isa = PBXFileReference; fileEncoding = 4; lastKnownFileType = sourcecode.c.h; path = "UIImage+Image.h"; sourceTree = "<group>"; };
		FE6262DA1CB2B0C000C02B47 /* UIImage+Image.m */ = {isa = PBXFileReference; fileEncoding = 4; lastKnownFileType = sourcecode.c.objc; path = "UIImage+Image.m"; sourceTree = "<group>"; };
		FE6262DB1CB2B0C000C02B47 /* UIView+Frame.h */ = {isa = PBXFileReference; fileEncoding = 4; lastKnownFileType = sourcecode.c.h; path = "UIView+Frame.h"; sourceTree = "<group>"; };
		FE6262DC1CB2B0C000C02B47 /* UIView+Frame.m */ = {isa = PBXFileReference; fileEncoding = 4; lastKnownFileType = sourcecode.c.objc; path = "UIView+Frame.m"; sourceTree = "<group>"; };
		FE6262DE1CB2B0C000C02B47 /* HLHospitalContactViewController.h */ = {isa = PBXFileReference; fileEncoding = 4; lastKnownFileType = sourcecode.c.h; path = HLHospitalContactViewController.h; sourceTree = "<group>"; };
		FE6262DF1CB2B0C000C02B47 /* HLHospitalContactViewController.m */ = {isa = PBXFileReference; fileEncoding = 4; lastKnownFileType = sourcecode.c.objc; path = HLHospitalContactViewController.m; sourceTree = "<group>"; };
		FE6262E01CB2B0C000C02B47 /* HLProfileViewController.h */ = {isa = PBXFileReference; fileEncoding = 4; lastKnownFileType = sourcecode.c.h; path = HLProfileViewController.h; sourceTree = "<group>"; };
		FE6262E11CB2B0C000C02B47 /* HLProfileViewController.m */ = {isa = PBXFileReference; fileEncoding = 4; lastKnownFileType = sourcecode.c.objc; path = HLProfileViewController.m; sourceTree = "<group>"; };
		FE6262E21CB2B0C000C02B47 /* HLContactDoctors.plist */ = {isa = PBXFileReference; fileEncoding = 4; lastKnownFileType = text.plist.xml; path = HLContactDoctors.plist; sourceTree = "<group>"; };
		FE6262E41CB2B0C000C02B47 /* HLContactDoctor.h */ = {isa = PBXFileReference; fileEncoding = 4; lastKnownFileType = sourcecode.c.h; path = HLContactDoctor.h; sourceTree = "<group>"; };
		FE6262E51CB2B0C000C02B47 /* HLContactDoctor.m */ = {isa = PBXFileReference; fileEncoding = 4; lastKnownFileType = sourcecode.c.objc; path = HLContactDoctor.m; sourceTree = "<group>"; };
		FE6262E61CB2B0C000C02B47 /* HLContactDoctorGroup.h */ = {isa = PBXFileReference; fileEncoding = 4; lastKnownFileType = sourcecode.c.h; path = HLContactDoctorGroup.h; sourceTree = "<group>"; };
		FE6262E71CB2B0C000C02B47 /* HLContactDoctorGroup.m */ = {isa = PBXFileReference; fileEncoding = 4; lastKnownFileType = sourcecode.c.objc; path = HLContactDoctorGroup.m; sourceTree = "<group>"; };
		FE6262E91CB2B0C000C02B47 /* HLContactDoctorContactsHeadView.h */ = {isa = PBXFileReference; fileEncoding = 4; lastKnownFileType = sourcecode.c.h; path = HLContactDoctorContactsHeadView.h; sourceTree = "<group>"; };
		FE6262EA1CB2B0C000C02B47 /* HLContactDoctorContactsHeadView.m */ = {isa = PBXFileReference; fileEncoding = 4; lastKnownFileType = sourcecode.c.objc; path = HLContactDoctorContactsHeadView.m; sourceTree = "<group>"; };
		FE6262EB1CB2B0C000C02B47 /* HLContactProileHeadView.h */ = {isa = PBXFileReference; fileEncoding = 4; lastKnownFileType = sourcecode.c.h; path = HLContactProileHeadView.h; sourceTree = "<group>"; };
		FE6262EC1CB2B0C000C02B47 /* HLContactProileHeadView.m */ = {isa = PBXFileReference; fileEncoding = 4; lastKnownFileType = sourcecode.c.objc; path = HLContactProileHeadView.m; sourceTree = "<group>"; };
		FE6262ED1CB2B0C000C02B47 /* HLContactsProileBaseCell.h */ = {isa = PBXFileReference; fileEncoding = 4; lastKnownFileType = sourcecode.c.h; path = HLContactsProileBaseCell.h; sourceTree = "<group>"; };
		FE6262EE1CB2B0C000C02B47 /* HLContactsProileBaseCell.m */ = {isa = PBXFileReference; fileEncoding = 4; lastKnownFileType = sourcecode.c.objc; path = HLContactsProileBaseCell.m; sourceTree = "<group>"; };
		FE6262EF1CB2B0C000C02B47 /* HLContactsProileSecitonCell.h */ = {isa = PBXFileReference; fileEncoding = 4; lastKnownFileType = sourcecode.c.h; path = HLContactsProileSecitonCell.h; sourceTree = "<group>"; };
		FE6262F01CB2B0C000C02B47 /* HLContactsProileSecitonCell.m */ = {isa = PBXFileReference; fileEncoding = 4; lastKnownFileType = sourcecode.c.objc; path = HLContactsProileSecitonCell.m; sourceTree = "<group>"; };
		FE6262F11CB2B0C000C02B47 /* HLContactsTableViewCell.h */ = {isa = PBXFileReference; fileEncoding = 4; lastKnownFileType = sourcecode.c.h; path = HLContactsTableViewCell.h; sourceTree = "<group>"; };
		FE6262F21CB2B0C000C02B47 /* HLContactsTableViewCell.m */ = {isa = PBXFileReference; fileEncoding = 4; lastKnownFileType = sourcecode.c.objc; path = HLContactsTableViewCell.m; sourceTree = "<group>"; };
		FE6263071CB2B42A00C02B47 /* MBProgressHUD+Add.h */ = {isa = PBXFileReference; fileEncoding = 4; lastKnownFileType = sourcecode.c.h; path = "MBProgressHUD+Add.h"; sourceTree = "<group>"; };
		FE6263081CB2B42A00C02B47 /* MBProgressHUD+Add.m */ = {isa = PBXFileReference; fileEncoding = 4; lastKnownFileType = sourcecode.c.objc; path = "MBProgressHUD+Add.m"; sourceTree = "<group>"; };
		FE82145C1CB3FC2C00846DED /* ConsultRecorTableViewCell.h */ = {isa = PBXFileReference; fileEncoding = 4; lastKnownFileType = sourcecode.c.h; path = ConsultRecorTableViewCell.h; sourceTree = "<group>"; };
		FE82145D1CB3FC2C00846DED /* ConsultRecorTableViewCell.m */ = {isa = PBXFileReference; fileEncoding = 4; lastKnownFileType = sourcecode.c.objc; path = ConsultRecorTableViewCell.m; sourceTree = "<group>"; };
		FE82145E1CB3FC2C00846DED /* ConsultRecorTableViewCell.xib */ = {isa = PBXFileReference; fileEncoding = 4; lastKnownFileType = file.xib; path = ConsultRecorTableViewCell.xib; sourceTree = "<group>"; };
		FE8214631CB4170200846DED /* NSObject+TextSize.h */ = {isa = PBXFileReference; fileEncoding = 4; lastKnownFileType = sourcecode.c.h; path = "NSObject+TextSize.h"; sourceTree = "<group>"; };
		FE8214641CB4170200846DED /* NSObject+TextSize.m */ = {isa = PBXFileReference; fileEncoding = 4; lastKnownFileType = sourcecode.c.objc; path = "NSObject+TextSize.m"; sourceTree = "<group>"; };
		FE8214651CB4170200846DED /* UIImage+Image.h */ = {isa = PBXFileReference; fileEncoding = 4; lastKnownFileType = sourcecode.c.h; path = "UIImage+Image.h"; sourceTree = "<group>"; };
		FE8214661CB4170200846DED /* UIImage+Image.m */ = {isa = PBXFileReference; fileEncoding = 4; lastKnownFileType = sourcecode.c.objc; path = "UIImage+Image.m"; sourceTree = "<group>"; };
		FE8214671CB4170200846DED /* UIView+Frame.h */ = {isa = PBXFileReference; fileEncoding = 4; lastKnownFileType = sourcecode.c.h; path = "UIView+Frame.h"; sourceTree = "<group>"; };
		FE8214681CB4170200846DED /* UIView+Frame.m */ = {isa = PBXFileReference; fileEncoding = 4; lastKnownFileType = sourcecode.c.objc; path = "UIView+Frame.m"; sourceTree = "<group>"; };
		FE82146A1CB4170200846DED /* HLPDFCatagoryController.h */ = {isa = PBXFileReference; fileEncoding = 4; lastKnownFileType = sourcecode.c.h; path = HLPDFCatagoryController.h; sourceTree = "<group>"; };
		FE82146B1CB4170200846DED /* HLPDFCatagoryController.m */ = {isa = PBXFileReference; fileEncoding = 4; lastKnownFileType = sourcecode.c.objc; path = HLPDFCatagoryController.m; sourceTree = "<group>"; };
		FE82146C1CB4170200846DED /* HLSummaryController.h */ = {isa = PBXFileReference; fileEncoding = 4; lastKnownFileType = sourcecode.c.h; path = HLSummaryController.h; sourceTree = "<group>"; };
		FE82146D1CB4170200846DED /* HLSummaryController.m */ = {isa = PBXFileReference; fileEncoding = 4; lastKnownFileType = sourcecode.c.objc; path = HLSummaryController.m; sourceTree = "<group>"; };
		FE82146E1CB4170200846DED /* HLPDFCatagory.plist */ = {isa = PBXFileReference; fileEncoding = 4; lastKnownFileType = text.plist.xml; path = HLPDFCatagory.plist; sourceTree = "<group>"; };
		FE82146F1CB4170200846DED /* HLPDFManager.h */ = {isa = PBXFileReference; fileEncoding = 4; lastKnownFileType = sourcecode.c.h; path = HLPDFManager.h; sourceTree = "<group>"; };
		FE8214701CB4170200846DED /* HLPDFManager.m */ = {isa = PBXFileReference; fileEncoding = 4; lastKnownFileType = sourcecode.c.objc; path = HLPDFManager.m; sourceTree = "<group>"; };
		FE8214721CB4170200846DED /* HLPDFArticle.h */ = {isa = PBXFileReference; fileEncoding = 4; lastKnownFileType = sourcecode.c.h; path = HLPDFArticle.h; sourceTree = "<group>"; };
		FE8214731CB4170200846DED /* HLPDFArticle.m */ = {isa = PBXFileReference; fileEncoding = 4; lastKnownFileType = sourcecode.c.objc; path = HLPDFArticle.m; sourceTree = "<group>"; };
		FE8214741CB4170200846DED /* HLPDFCatagory.h */ = {isa = PBXFileReference; fileEncoding = 4; lastKnownFileType = sourcecode.c.h; path = HLPDFCatagory.h; sourceTree = "<group>"; };
		FE8214751CB4170200846DED /* HLPDFCatagory.m */ = {isa = PBXFileReference; fileEncoding = 4; lastKnownFileType = sourcecode.c.objc; path = HLPDFCatagory.m; sourceTree = "<group>"; };
		FE8214771CB4170200846DED /* CGPDFDocument.h */ = {isa = PBXFileReference; fileEncoding = 4; lastKnownFileType = sourcecode.c.h; path = CGPDFDocument.h; sourceTree = "<group>"; };
		FE8214781CB4170200846DED /* CGPDFDocument.m */ = {isa = PBXFileReference; fileEncoding = 4; lastKnownFileType = sourcecode.c.objc; path = CGPDFDocument.m; sourceTree = "<group>"; };
		FE8214791CB4170200846DED /* ReaderConstants.h */ = {isa = PBXFileReference; fileEncoding = 4; lastKnownFileType = sourcecode.c.h; path = ReaderConstants.h; sourceTree = "<group>"; };
		FE82147A1CB4170200846DED /* ReaderConstants.m */ = {isa = PBXFileReference; fileEncoding = 4; lastKnownFileType = sourcecode.c.objc; path = ReaderConstants.m; sourceTree = "<group>"; };
		FE82147B1CB4170200846DED /* ReaderContentPage.h */ = {isa = PBXFileReference; fileEncoding = 4; lastKnownFileType = sourcecode.c.h; path = ReaderContentPage.h; sourceTree = "<group>"; };
		FE82147C1CB4170200846DED /* ReaderContentPage.m */ = {isa = PBXFileReference; fileEncoding = 4; lastKnownFileType = sourcecode.c.objc; path = ReaderContentPage.m; sourceTree = "<group>"; };
		FE82147D1CB4170200846DED /* ReaderContentTile.h */ = {isa = PBXFileReference; fileEncoding = 4; lastKnownFileType = sourcecode.c.h; path = ReaderContentTile.h; sourceTree = "<group>"; };
		FE82147E1CB4170200846DED /* ReaderContentTile.m */ = {isa = PBXFileReference; fileEncoding = 4; lastKnownFileType = sourcecode.c.objc; path = ReaderContentTile.m; sourceTree = "<group>"; };
		FE82147F1CB4170200846DED /* ReaderContentView.h */ = {isa = PBXFileReference; fileEncoding = 4; lastKnownFileType = sourcecode.c.h; path = ReaderContentView.h; sourceTree = "<group>"; };
		FE8214801CB4170200846DED /* ReaderContentView.m */ = {isa = PBXFileReference; fileEncoding = 4; lastKnownFileType = sourcecode.c.objc; path = ReaderContentView.m; sourceTree = "<group>"; };
		FE8214811CB4170200846DED /* ReaderDocument.h */ = {isa = PBXFileReference; fileEncoding = 4; lastKnownFileType = sourcecode.c.h; path = ReaderDocument.h; sourceTree = "<group>"; };
		FE8214821CB4170200846DED /* ReaderDocument.m */ = {isa = PBXFileReference; fileEncoding = 4; lastKnownFileType = sourcecode.c.objc; path = ReaderDocument.m; sourceTree = "<group>"; };
		FE8214831CB4170200846DED /* ReaderDocumentOutline.h */ = {isa = PBXFileReference; fileEncoding = 4; lastKnownFileType = sourcecode.c.h; path = ReaderDocumentOutline.h; sourceTree = "<group>"; };
		FE8214841CB4170200846DED /* ReaderDocumentOutline.m */ = {isa = PBXFileReference; fileEncoding = 4; lastKnownFileType = sourcecode.c.objc; path = ReaderDocumentOutline.m; sourceTree = "<group>"; };
		FE8214851CB4170200846DED /* ReaderMainPagebar.h */ = {isa = PBXFileReference; fileEncoding = 4; lastKnownFileType = sourcecode.c.h; path = ReaderMainPagebar.h; sourceTree = "<group>"; };
		FE8214861CB4170200846DED /* ReaderMainPagebar.m */ = {isa = PBXFileReference; fileEncoding = 4; lastKnownFileType = sourcecode.c.objc; path = ReaderMainPagebar.m; sourceTree = "<group>"; };
		FE8214871CB4170200846DED /* ReaderMainToolbar.h */ = {isa = PBXFileReference; fileEncoding = 4; lastKnownFileType = sourcecode.c.h; path = ReaderMainToolbar.h; sourceTree = "<group>"; };
		FE8214881CB4170200846DED /* ReaderMainToolbar.m */ = {isa = PBXFileReference; fileEncoding = 4; lastKnownFileType = sourcecode.c.objc; path = ReaderMainToolbar.m; sourceTree = "<group>"; };
		FE8214891CB4170200846DED /* ReaderThumbCache.h */ = {isa = PBXFileReference; fileEncoding = 4; lastKnownFileType = sourcecode.c.h; path = ReaderThumbCache.h; sourceTree = "<group>"; };
		FE82148A1CB4170200846DED /* ReaderThumbCache.m */ = {isa = PBXFileReference; fileEncoding = 4; lastKnownFileType = sourcecode.c.objc; path = ReaderThumbCache.m; sourceTree = "<group>"; };
		FE82148B1CB4170200846DED /* ReaderThumbFetch.h */ = {isa = PBXFileReference; fileEncoding = 4; lastKnownFileType = sourcecode.c.h; path = ReaderThumbFetch.h; sourceTree = "<group>"; };
		FE82148C1CB4170200846DED /* ReaderThumbFetch.m */ = {isa = PBXFileReference; fileEncoding = 4; lastKnownFileType = sourcecode.c.objc; path = ReaderThumbFetch.m; sourceTree = "<group>"; };
		FE82148D1CB4170200846DED /* ReaderThumbQueue.h */ = {isa = PBXFileReference; fileEncoding = 4; lastKnownFileType = sourcecode.c.h; path = ReaderThumbQueue.h; sourceTree = "<group>"; };
		FE82148E1CB4170200846DED /* ReaderThumbQueue.m */ = {isa = PBXFileReference; fileEncoding = 4; lastKnownFileType = sourcecode.c.objc; path = ReaderThumbQueue.m; sourceTree = "<group>"; };
		FE82148F1CB4170200846DED /* ReaderThumbRender.h */ = {isa = PBXFileReference; fileEncoding = 4; lastKnownFileType = sourcecode.c.h; path = ReaderThumbRender.h; sourceTree = "<group>"; };
		FE8214901CB4170200846DED /* ReaderThumbRender.m */ = {isa = PBXFileReference; fileEncoding = 4; lastKnownFileType = sourcecode.c.objc; path = ReaderThumbRender.m; sourceTree = "<group>"; };
		FE8214911CB4170200846DED /* ReaderThumbRequest.h */ = {isa = PBXFileReference; fileEncoding = 4; lastKnownFileType = sourcecode.c.h; path = ReaderThumbRequest.h; sourceTree = "<group>"; };
		FE8214921CB4170200846DED /* ReaderThumbRequest.m */ = {isa = PBXFileReference; fileEncoding = 4; lastKnownFileType = sourcecode.c.objc; path = ReaderThumbRequest.m; sourceTree = "<group>"; };
		FE8214931CB4170200846DED /* ReaderThumbsView.h */ = {isa = PBXFileReference; fileEncoding = 4; lastKnownFileType = sourcecode.c.h; path = ReaderThumbsView.h; sourceTree = "<group>"; };
		FE8214941CB4170200846DED /* ReaderThumbsView.m */ = {isa = PBXFileReference; fileEncoding = 4; lastKnownFileType = sourcecode.c.objc; path = ReaderThumbsView.m; sourceTree = "<group>"; };
		FE8214951CB4170200846DED /* ReaderThumbView.h */ = {isa = PBXFileReference; fileEncoding = 4; lastKnownFileType = sourcecode.c.h; path = ReaderThumbView.h; sourceTree = "<group>"; };
		FE8214961CB4170200846DED /* ReaderThumbView.m */ = {isa = PBXFileReference; fileEncoding = 4; lastKnownFileType = sourcecode.c.objc; path = ReaderThumbView.m; sourceTree = "<group>"; };
		FE8214971CB4170200846DED /* ReaderViewController.h */ = {isa = PBXFileReference; fileEncoding = 4; lastKnownFileType = sourcecode.c.h; path = ReaderViewController.h; sourceTree = "<group>"; };
		FE8214981CB4170200846DED /* ReaderViewController.m */ = {isa = PBXFileReference; fileEncoding = 4; lastKnownFileType = sourcecode.c.objc; path = ReaderViewController.m; sourceTree = "<group>"; };
		FE8214991CB4170200846DED /* ThumbsMainToolbar.h */ = {isa = PBXFileReference; fileEncoding = 4; lastKnownFileType = sourcecode.c.h; path = ThumbsMainToolbar.h; sourceTree = "<group>"; };
		FE82149A1CB4170200846DED /* ThumbsMainToolbar.m */ = {isa = PBXFileReference; fileEncoding = 4; lastKnownFileType = sourcecode.c.objc; path = ThumbsMainToolbar.m; sourceTree = "<group>"; };
		FE82149B1CB4170200846DED /* ThumbsViewController.h */ = {isa = PBXFileReference; fileEncoding = 4; lastKnownFileType = sourcecode.c.h; path = ThumbsViewController.h; sourceTree = "<group>"; };
		FE82149C1CB4170200846DED /* ThumbsViewController.m */ = {isa = PBXFileReference; fileEncoding = 4; lastKnownFileType = sourcecode.c.objc; path = ThumbsViewController.m; sourceTree = "<group>"; };
		FE82149D1CB4170200846DED /* UIXToolbarView.h */ = {isa = PBXFileReference; fileEncoding = 4; lastKnownFileType = sourcecode.c.h; path = UIXToolbarView.h; sourceTree = "<group>"; };
		FE82149E1CB4170200846DED /* UIXToolbarView.m */ = {isa = PBXFileReference; fileEncoding = 4; lastKnownFileType = sourcecode.c.objc; path = UIXToolbarView.m; sourceTree = "<group>"; };
		FE8214A01CB4170200846DED /* HLPDFCatagoryHeadView.h */ = {isa = PBXFileReference; fileEncoding = 4; lastKnownFileType = sourcecode.c.h; path = HLPDFCatagoryHeadView.h; sourceTree = "<group>"; };
		FE8214A11CB4170200846DED /* HLPDFCatagoryHeadView.m */ = {isa = PBXFileReference; fileEncoding = 4; lastKnownFileType = sourcecode.c.objc; path = HLPDFCatagoryHeadView.m; sourceTree = "<group>"; };
		FE97C1371CAB7B7F00AAD915 /* FamousDoctorTableViewCell.h */ = {isa = PBXFileReference; fileEncoding = 4; lastKnownFileType = sourcecode.c.h; path = FamousDoctorTableViewCell.h; sourceTree = "<group>"; };
		FE97C1381CAB7B7F00AAD915 /* FamousDoctorTableViewCell.m */ = {isa = PBXFileReference; fileEncoding = 4; lastKnownFileType = sourcecode.c.objc; path = FamousDoctorTableViewCell.m; sourceTree = "<group>"; };
		FE97C1391CAB7B7F00AAD915 /* FamousDoctorTableViewCell.xib */ = {isa = PBXFileReference; fileEncoding = 4; lastKnownFileType = file.xib; path = FamousDoctorTableViewCell.xib; sourceTree = "<group>"; };
		FE97C13C1CABB86100AAD915 /* DoctorInfoModel.h */ = {isa = PBXFileReference; fileEncoding = 4; lastKnownFileType = sourcecode.c.h; path = DoctorInfoModel.h; sourceTree = "<group>"; };
		FE97C13D1CABB86100AAD915 /* DoctorInfoModel.m */ = {isa = PBXFileReference; fileEncoding = 4; lastKnownFileType = sourcecode.c.objc; path = DoctorInfoModel.m; sourceTree = "<group>"; };
		FE97C13F1CABBDD400AAD915 /* DoctorInfo.plist */ = {isa = PBXFileReference; fileEncoding = 4; lastKnownFileType = text.plist.xml; path = DoctorInfo.plist; sourceTree = "<group>"; };
		FED230EE1CB552BB00531E30 /* QRCameraSwitchButton.h */ = {isa = PBXFileReference; fileEncoding = 4; lastKnownFileType = sourcecode.c.h; path = QRCameraSwitchButton.h; sourceTree = "<group>"; };
		FED230EF1CB552BB00531E30 /* QRCameraSwitchButton.m */ = {isa = PBXFileReference; fileEncoding = 4; lastKnownFileType = sourcecode.c.objc; path = QRCameraSwitchButton.m; sourceTree = "<group>"; };
		FED230F01CB552BB00531E30 /* QRCodeReader.h */ = {isa = PBXFileReference; fileEncoding = 4; lastKnownFileType = sourcecode.c.h; path = QRCodeReader.h; sourceTree = "<group>"; };
		FED230F11CB552BB00531E30 /* QRCodeReader.m */ = {isa = PBXFileReference; fileEncoding = 4; lastKnownFileType = sourcecode.c.objc; path = QRCodeReader.m; sourceTree = "<group>"; };
		FED230F21CB552BB00531E30 /* QRCodeReaderDelegate.h */ = {isa = PBXFileReference; fileEncoding = 4; lastKnownFileType = sourcecode.c.h; path = QRCodeReaderDelegate.h; sourceTree = "<group>"; };
		FED230F41CB552BB00531E30 /* QRCodeReaderAanimationLineView.h */ = {isa = PBXFileReference; fileEncoding = 4; lastKnownFileType = sourcecode.c.h; path = QRCodeReaderAanimationLineView.h; sourceTree = "<group>"; };
		FED230F51CB552BB00531E30 /* QRCodeReaderAanimationLineView.m */ = {isa = PBXFileReference; fileEncoding = 4; lastKnownFileType = sourcecode.c.objc; path = QRCodeReaderAanimationLineView.m; sourceTree = "<group>"; };
		FED230F61CB552BB00531E30 /* QRCodeReaderMaskView.h */ = {isa = PBXFileReference; fileEncoding = 4; lastKnownFileType = sourcecode.c.h; path = QRCodeReaderMaskView.h; sourceTree = "<group>"; };
		FED230F71CB552BB00531E30 /* QRCodeReaderMaskView.m */ = {isa = PBXFileReference; fileEncoding = 4; lastKnownFileType = sourcecode.c.objc; path = QRCodeReaderMaskView.m; sourceTree = "<group>"; };
		FED230F81CB552BB00531E30 /* QRCodeReaderView.h */ = {isa = PBXFileReference; fileEncoding = 4; lastKnownFileType = sourcecode.c.h; path = QRCodeReaderView.h; sourceTree = "<group>"; };
		FED230F91CB552BB00531E30 /* QRCodeReaderView.m */ = {isa = PBXFileReference; fileEncoding = 4; lastKnownFileType = sourcecode.c.objc; path = QRCodeReaderView.m; sourceTree = "<group>"; };
		FED230FA1CB552BB00531E30 /* QRCodeReaderViewController.h */ = {isa = PBXFileReference; fileEncoding = 4; lastKnownFileType = sourcecode.c.h; path = QRCodeReaderViewController.h; sourceTree = "<group>"; };
		FED230FB1CB552BB00531E30 /* QRCodeReaderViewController.m */ = {isa = PBXFileReference; fileEncoding = 4; lastKnownFileType = sourcecode.c.objc; path = QRCodeReaderViewController.m; sourceTree = "<group>"; };
		FED230FD1CB552BB00531E30 /* QRCodeBottomLeft@2x.png */ = {isa = PBXFileReference; lastKnownFileType = image.png; path = "QRCodeBottomLeft@2x.png"; sourceTree = "<group>"; };
		FED230FE1CB552BB00531E30 /* QRCodeBottomLeft@3x.png */ = {isa = PBXFileReference; lastKnownFileType = image.png; path = "QRCodeBottomLeft@3x.png"; sourceTree = "<group>"; };
		FED230FF1CB552BB00531E30 /* QRCodeBottomRight@2x.png */ = {isa = PBXFileReference; lastKnownFileType = image.png; path = "QRCodeBottomRight@2x.png"; sourceTree = "<group>"; };
		FED231001CB552BB00531E30 /* QRCodeBottomRight@3x.png */ = {isa = PBXFileReference; lastKnownFileType = image.png; path = "QRCodeBottomRight@3x.png"; sourceTree = "<group>"; };
		FED231011CB552BB00531E30 /* QRCodeLine@2x.png */ = {isa = PBXFileReference; lastKnownFileType = image.png; path = "QRCodeLine@2x.png"; sourceTree = "<group>"; };
		FED231021CB552BB00531E30 /* QRCodeLine@3x.png */ = {isa = PBXFileReference; lastKnownFileType = image.png; path = "QRCodeLine@3x.png"; sourceTree = "<group>"; };
		FED231031CB552BB00531E30 /* QRCodeTopLeft@2x.png */ = {isa = PBXFileReference; lastKnownFileType = image.png; path = "QRCodeTopLeft@2x.png"; sourceTree = "<group>"; };
		FED231041CB552BB00531E30 /* QRCodeTopLeft@3x.png */ = {isa = PBXFileReference; lastKnownFileType = image.png; path = "QRCodeTopLeft@3x.png"; sourceTree = "<group>"; };
		FED231051CB552BB00531E30 /* QRCodeTopRight@2x.png */ = {isa = PBXFileReference; lastKnownFileType = image.png; path = "QRCodeTopRight@2x.png"; sourceTree = "<group>"; };
		FED231061CB552BB00531E30 /* QRCodeTopRight@3x.png */ = {isa = PBXFileReference; lastKnownFileType = image.png; path = "QRCodeTopRight@3x.png"; sourceTree = "<group>"; };
		FED231171CB565ED00531E30 /* WebViewInfoViewController.h */ = {isa = PBXFileReference; fileEncoding = 4; lastKnownFileType = sourcecode.c.h; path = WebViewInfoViewController.h; sourceTree = "<group>"; };
		FED231181CB565ED00531E30 /* WebViewInfoViewController.m */ = {isa = PBXFileReference; fileEncoding = 4; lastKnownFileType = sourcecode.c.objc; path = WebViewInfoViewController.m; sourceTree = "<group>"; };
		FED2311C1CB67E3100531E30 /* webpart */ = {isa = PBXFileReference; lastKnownFileType = folder; path = webpart; sourceTree = "<group>"; };
		FEDE6A051CC5420000581910 /* DoctorIntroduceViewController.h */ = {isa = PBXFileReference; fileEncoding = 4; lastKnownFileType = sourcecode.c.h; path = DoctorIntroduceViewController.h; sourceTree = "<group>"; };
		FEDE6A061CC5420000581910 /* DoctorIntroduceViewController.m */ = {isa = PBXFileReference; fileEncoding = 4; lastKnownFileType = sourcecode.c.objc; path = DoctorIntroduceViewController.m; sourceTree = "<group>"; };
		FEF689B41CAEBD0C00595F93 /* DoctorFunctionViewController.h */ = {isa = PBXFileReference; fileEncoding = 4; lastKnownFileType = sourcecode.c.h; path = DoctorFunctionViewController.h; sourceTree = "<group>"; };
		FEF689B51CAEBD0C00595F93 /* DoctorFunctionViewController.m */ = {isa = PBXFileReference; fileEncoding = 4; lastKnownFileType = sourcecode.c.objc; path = DoctorFunctionViewController.m; sourceTree = "<group>"; };
		FEF689B71CB00CC000595F93 /* DoctorInfoTableViewCell.h */ = {isa = PBXFileReference; fileEncoding = 4; lastKnownFileType = sourcecode.c.h; path = DoctorInfoTableViewCell.h; sourceTree = "<group>"; };
		FEF689B81CB00CC000595F93 /* DoctorInfoTableViewCell.m */ = {isa = PBXFileReference; fileEncoding = 4; lastKnownFileType = sourcecode.c.objc; path = DoctorInfoTableViewCell.m; sourceTree = "<group>"; };
		FEF689B91CB00CC000595F93 /* DoctorInfoTableViewCell.xib */ = {isa = PBXFileReference; fileEncoding = 4; lastKnownFileType = file.xib; path = DoctorInfoTableViewCell.xib; sourceTree = "<group>"; };
		FEF689BC1CB0289D00595F93 /* OpenServiceTableViewController.h */ = {isa = PBXFileReference; fileEncoding = 4; lastKnownFileType = sourcecode.c.h; path = OpenServiceTableViewController.h; sourceTree = "<group>"; };
		FEF689BD1CB0289D00595F93 /* OpenServiceTableViewController.m */ = {isa = PBXFileReference; fileEncoding = 4; lastKnownFileType = sourcecode.c.objc; path = OpenServiceTableViewController.m; sourceTree = "<group>"; };
		FEF689BF1CB1534E00595F93 /* ConsultRecordTableViewController.h */ = {isa = PBXFileReference; fileEncoding = 4; lastKnownFileType = sourcecode.c.h; path = ConsultRecordTableViewController.h; sourceTree = "<group>"; };
		FEF689C01CB1534E00595F93 /* ConsultRecordTableViewController.m */ = {isa = PBXFileReference; fileEncoding = 4; lastKnownFileType = sourcecode.c.objc; path = ConsultRecordTableViewController.m; sourceTree = "<group>"; };
		FEF689C21CB153E900595F93 /* PatientCommentTableViewController.h */ = {isa = PBXFileReference; fileEncoding = 4; lastKnownFileType = sourcecode.c.h; path = PatientCommentTableViewController.h; sourceTree = "<group>"; };
		FEF689C31CB153E900595F93 /* PatientCommentTableViewController.m */ = {isa = PBXFileReference; fileEncoding = 4; lastKnownFileType = sourcecode.c.objc; path = PatientCommentTableViewController.m; sourceTree = "<group>"; };
		FEF689C51CB15D6F00595F93 /* InfoChooseViewController.h */ = {isa = PBXFileReference; fileEncoding = 4; lastKnownFileType = sourcecode.c.h; path = InfoChooseViewController.h; sourceTree = "<group>"; };
		FEF689C61CB15D6F00595F93 /* InfoChooseViewController.m */ = {isa = PBXFileReference; fileEncoding = 4; lastKnownFileType = sourcecode.c.objc; path = InfoChooseViewController.m; sourceTree = "<group>"; };
/* End PBXFileReference section */

/* Begin PBXFrameworksBuildPhase section */
		FE0943441C856D6000D6ABC7 /* Frameworks */ = {
			isa = PBXFrameworksBuildPhase;
			buildActionMask = 2147483647;
			files = (
				FCC0E1332A790B8FDD77E387 /* libPods-mh-doctorControl.a in Frameworks */,
			);
			runOnlyForDeploymentPostprocessing = 0;
		};
		FE09435D1C856D6000D6ABC7 /* Frameworks */ = {
			isa = PBXFrameworksBuildPhase;
			buildActionMask = 2147483647;
			files = (
			);
			runOnlyForDeploymentPostprocessing = 0;
		};
		FE0943681C856D6000D6ABC7 /* Frameworks */ = {
			isa = PBXFrameworksBuildPhase;
			buildActionMask = 2147483647;
			files = (
			);
			runOnlyForDeploymentPostprocessing = 0;
		};
/* End PBXFrameworksBuildPhase section */

/* Begin PBXGroup section */
		687BEDDB4D17D6CB43D86209 /* Frameworks */ = {
			isa = PBXGroup;
			children = (
				9E3A543EE435231804220E47 /* libPods-mh-doctorControl.a */,
			);
			name = Frameworks;
			sourceTree = "<group>";
		};
		D2DA48CC130954C2BA2DFBD2 /* Pods */ = {
			isa = PBXGroup;
			children = (
				9A02623EA073488176D07A08 /* Pods-mh-doctorControl.debug.xcconfig */,
				5551EBE1C359DBF24B11AE58 /* Pods-mh-doctorControl.release.xcconfig */,
			);
			name = Pods;
			sourceTree = "<group>";
		};
		FE09433E1C856D6000D6ABC7 = {
			isa = PBXGroup;
			children = (
				FED2311C1CB67E3100531E30 /* webpart */,
				FE0943491C856D6000D6ABC7 /* mh-doctorControl */,
				FE0943631C856D6000D6ABC7 /* mh-doctorControlTests */,
				FE09436E1C856D6000D6ABC7 /* mh-doctorControlUITests */,
				FE0943481C856D6000D6ABC7 /* Products */,
				D2DA48CC130954C2BA2DFBD2 /* Pods */,
				687BEDDB4D17D6CB43D86209 /* Frameworks */,
			);
			sourceTree = "<group>";
		};
		FE0943481C856D6000D6ABC7 /* Products */ = {
			isa = PBXGroup;
			children = (
				FE0943471C856D6000D6ABC7 /* mh-doctorControl.app */,
				FE0943601C856D6000D6ABC7 /* mh-doctorControlTests.xctest */,
				FE09436B1C856D6000D6ABC7 /* mh-doctorControlUITests.xctest */,
			);
			name = Products;
			sourceTree = "<group>";
		};
		FE0943491C856D6000D6ABC7 /* mh-doctorControl */ = {
			isa = PBXGroup;
			children = (
				FE6263061CB2B41000C02B47 /* 3dpart */,
				FE0FA0001C9F9B290042FC3E /* class */,
				FE3EED761CA8D04100A5B685 /* uitil */,
				FE09439A1C8580CB00D6ABC7 /* LaunchScreen.storyboard */,
				FE09435B1C856D6000D6ABC7 /* Info.plist */,
				FE0943A21C85D3DD00D6ABC7 /* Assets.xcassets */,
				FE09434A1C856D6000D6ABC7 /* Supporting Files */,
				FE97C13F1CABBDD400AAD915 /* DoctorInfo.plist */,
			);
			path = "mh-doctorControl";
			sourceTree = "<group>";
		};
		FE09434A1C856D6000D6ABC7 /* Supporting Files */ = {
			isa = PBXGroup;
			children = (
				FE09434B1C856D6000D6ABC7 /* main.m */,
			);
			name = "Supporting Files";
			sourceTree = "<group>";
		};
		FE0943631C856D6000D6ABC7 /* mh-doctorControlTests */ = {
			isa = PBXGroup;
			children = (
				FE0943641C856D6000D6ABC7 /* mh_doctorControlTests.m */,
				FE0943661C856D6000D6ABC7 /* Info.plist */,
			);
			path = "mh-doctorControlTests";
			sourceTree = "<group>";
		};
		FE09436E1C856D6000D6ABC7 /* mh-doctorControlUITests */ = {
			isa = PBXGroup;
			children = (
				FE09436F1C856D6000D6ABC7 /* mh_doctorControlUITests.m */,
				FE0943711C856D6000D6ABC7 /* Info.plist */,
			);
			path = "mh-doctorControlUITests";
			sourceTree = "<group>";
		};
		FE0FA0001C9F9B290042FC3E /* class */ = {
			isa = PBXGroup;
			children = (
				FE8214611CB4170200846DED /* HLPDFReader */,
				FE6262D11CB2B0C000C02B47 /* HospitalContacts */,
				FE27E8971CA2D4AD0036515B /* MHFamousDoctorSearch */,
				FE0FA0011C9F9B290042FC3E /* AppDelegate */,
				FE0FA0041C9F9B290042FC3E /* Main */,
				FE0FA0081C9F9B290042FC3E /* MHDOctorInfo */,
				FE0FA0131C9F9B290042FC3E /* MHHomePage */,
				FE0FA01A1C9F9B290042FC3E /* MHIndividalSetting */,
			);
			path = class;
			sourceTree = "<group>";
		};
		FE0FA0011C9F9B290042FC3E /* AppDelegate */ = {
			isa = PBXGroup;
			children = (
				FE0FA0021C9F9B290042FC3E /* AppDelegate.h */,
				FE0FA0031C9F9B290042FC3E /* AppDelegate.m */,
			);
			path = AppDelegate;
			sourceTree = "<group>";
		};
		FE0FA0041C9F9B290042FC3E /* Main */ = {
			isa = PBXGroup;
			children = (
				FE0FA0051C9F9B290042FC3E /* Controller */,
			);
			path = Main;
			sourceTree = "<group>";
		};
		FE0FA0051C9F9B290042FC3E /* Controller */ = {
			isa = PBXGroup;
			children = (
				FE0FA0061C9F9B290042FC3E /* MainViewController.h */,
				FE0FA0071C9F9B290042FC3E /* MainViewController.m */,
			);
			path = Controller;
			sourceTree = "<group>";
		};
		FE0FA0081C9F9B290042FC3E /* MHDOctorInfo */ = {
			isa = PBXGroup;
			children = (
				FE0FA0091C9F9B290042FC3E /* Controller */,
				FE0FA0111C9F9B290042FC3E /* Model */,
				FE0FA0121C9F9B290042FC3E /* View */,
			);
			path = MHDOctorInfo;
			sourceTree = "<group>";
		};
		FE0FA0091C9F9B290042FC3E /* Controller */ = {
			isa = PBXGroup;
			children = (
				FE0FA00A1C9F9B290042FC3E /* DoctorInfoViewController.h */,
				FE0FA00B1C9F9B290042FC3E /* DoctorInfoViewController.m */,
				FE0FA00C1C9F9B290042FC3E /* DoctorInfoViewController.xib */,
				FE0FA00D1C9F9B290042FC3E /* FocusViewController.h */,
				FE0FA00E1C9F9B290042FC3E /* FocusViewController.m */,
				FE0FA00F1C9F9B290042FC3E /* TeamViewController.h */,
				FE0FA0101C9F9B290042FC3E /* TeamViewController.m */,
			);
			path = Controller;
			sourceTree = "<group>";
		};
		FE0FA0111C9F9B290042FC3E /* Model */ = {
			isa = PBXGroup;
			children = (
			);
			path = Model;
			sourceTree = "<group>";
		};
		FE0FA0121C9F9B290042FC3E /* View */ = {
			isa = PBXGroup;
			children = (
			);
			path = View;
			sourceTree = "<group>";
		};
		FE0FA0131C9F9B290042FC3E /* MHHomePage */ = {
			isa = PBXGroup;
			children = (
				FE0FA0141C9F9B290042FC3E /* Controller */,
				FE0FA0181C9F9B290042FC3E /* Model */,
				FE0FA0191C9F9B290042FC3E /* View */,
			);
			path = MHHomePage;
			sourceTree = "<group>";
		};
		FE0FA0141C9F9B290042FC3E /* Controller */ = {
			isa = PBXGroup;
			children = (
				FE0FA0151C9F9B290042FC3E /* HomeViewController.h */,
				FE0FA0161C9F9B290042FC3E /* HomeViewController.m */,
				FE0FA0171C9F9B290042FC3E /* HomeViewController.xib */,
				FED231171CB565ED00531E30 /* WebViewInfoViewController.h */,
				FED231181CB565ED00531E30 /* WebViewInfoViewController.m */,
			);
			path = Controller;
			sourceTree = "<group>";
		};
		FE0FA0181C9F9B290042FC3E /* Model */ = {
			isa = PBXGroup;
			children = (
			);
			path = Model;
			sourceTree = "<group>";
		};
		FE0FA0191C9F9B290042FC3E /* View */ = {
			isa = PBXGroup;
			children = (
			);
			path = View;
			sourceTree = "<group>";
		};
		FE0FA01A1C9F9B290042FC3E /* MHIndividalSetting */ = {
			isa = PBXGroup;
			children = (
				FE0FA01B1C9F9B290042FC3E /* Controller */,
				FE0FA01F1C9F9B290042FC3E /* Model */,
				FE0FA0201C9F9B290042FC3E /* View */,
			);
			path = MHIndividalSetting;
			sourceTree = "<group>";
		};
		FE0FA01B1C9F9B290042FC3E /* Controller */ = {
			isa = PBXGroup;
			children = (
				FE0FA01C1C9F9B290042FC3E /* IndividalSettingViewController.h */,
				FE0FA01D1C9F9B290042FC3E /* IndividalSettingViewController.m */,
				FE0FA01E1C9F9B290042FC3E /* IndividalSettingViewController.xib */,
			);
			path = Controller;
			sourceTree = "<group>";
		};
		FE0FA01F1C9F9B290042FC3E /* Model */ = {
			isa = PBXGroup;
			children = (
			);
			path = Model;
			sourceTree = "<group>";
		};
		FE0FA0201C9F9B290042FC3E /* View */ = {
			isa = PBXGroup;
			children = (
			);
			path = View;
			sourceTree = "<group>";
		};
		FE27E8971CA2D4AD0036515B /* MHFamousDoctorSearch */ = {
			isa = PBXGroup;
			children = (
				FE27E8981CA2D4AD0036515B /* Controller */,
				FE27E8991CA2D4AD0036515B /* Model */,
				FE27E89A1CA2D4AD0036515B /* View */,
			);
			path = MHFamousDoctorSearch;
			sourceTree = "<group>";
		};
		FE27E8981CA2D4AD0036515B /* Controller */ = {
			isa = PBXGroup;
			children = (
				FE27E89B1CA2D4F30036515B /* FamousDoctorSearchTableViewController.h */,
				FE27E89C1CA2D4F30036515B /* FamousDoctorSearchTableViewController.m */,
				FEF689B41CAEBD0C00595F93 /* DoctorFunctionViewController.h */,
				FEF689B51CAEBD0C00595F93 /* DoctorFunctionViewController.m */,
				FEF689BC1CB0289D00595F93 /* OpenServiceTableViewController.h */,
				FEF689BD1CB0289D00595F93 /* OpenServiceTableViewController.m */,
				FEF689BF1CB1534E00595F93 /* ConsultRecordTableViewController.h */,
				FEF689C01CB1534E00595F93 /* ConsultRecordTableViewController.m */,
				FEF689C21CB153E900595F93 /* PatientCommentTableViewController.h */,
				FEF689C31CB153E900595F93 /* PatientCommentTableViewController.m */,
				FEF689C51CB15D6F00595F93 /* InfoChooseViewController.h */,
				FEF689C61CB15D6F00595F93 /* InfoChooseViewController.m */,
				FEDE6A051CC5420000581910 /* DoctorIntroduceViewController.h */,
				FEDE6A061CC5420000581910 /* DoctorIntroduceViewController.m */,
			);
			path = Controller;
			sourceTree = "<group>";
		};
		FE27E8991CA2D4AD0036515B /* Model */ = {
			isa = PBXGroup;
			children = (
				FE97C13C1CABB86100AAD915 /* DoctorInfoModel.h */,
				FE97C13D1CABB86100AAD915 /* DoctorInfoModel.m */,
			);
			path = Model;
			sourceTree = "<group>";
		};
		FE27E89A1CA2D4AD0036515B /* View */ = {
			isa = PBXGroup;
			children = (
				FE27E89E1CA2DD850036515B /* MHSearchBar.h */,
				FE27E89F1CA2DD850036515B /* MHSearchBar.m */,
				FE97C1371CAB7B7F00AAD915 /* FamousDoctorTableViewCell.h */,
				FE97C1381CAB7B7F00AAD915 /* FamousDoctorTableViewCell.m */,
				FE97C1391CAB7B7F00AAD915 /* FamousDoctorTableViewCell.xib */,
				FEF689B71CB00CC000595F93 /* DoctorInfoTableViewCell.h */,
				FEF689B81CB00CC000595F93 /* DoctorInfoTableViewCell.m */,
				FEF689B91CB00CC000595F93 /* DoctorInfoTableViewCell.xib */,
				FE82145C1CB3FC2C00846DED /* ConsultRecorTableViewCell.h */,
				FE82145D1CB3FC2C00846DED /* ConsultRecorTableViewCell.m */,
				FE82145E1CB3FC2C00846DED /* ConsultRecorTableViewCell.xib */,
			);
			path = View;
			sourceTree = "<group>";
		};
		FE3EED761CA8D04100A5B685 /* uitil */ = {
			isa = PBXGroup;
			children = (
				FE3EED921CA8DB7600A5B685 /* pinyin */,
			);
			path = uitil;
			sourceTree = "<group>";
		};
		FE3EED921CA8DB7600A5B685 /* pinyin */ = {
			isa = PBXGroup;
			children = (
				FE3EED931CA8DB7600A5B685 /* ChineseInclude.h */,
				FE3EED941CA8DB7600A5B685 /* ChineseInclude.m */,
				FE3EED951CA8DB7600A5B685 /* ChineseToPinyinResource.h */,
				FE3EED961CA8DB7600A5B685 /* ChineseToPinyinResource.m */,
				FE3EEDAA1CA8FAB500A5B685 /* HanyuPinyinOutputFormat.h */,
				FE3EEDAB1CA8FAB500A5B685 /* HanyuPinyinOutputFormat.m */,
				FE3EED991CA8DB7600A5B685 /* NSString+PinYin4Cocoa.h */,
				FE3EED9A1CA8DB7600A5B685 /* NSString+PinYin4Cocoa.m */,
				FE3EED9B1CA8DB7600A5B685 /* PinyinFormatter.h */,
				FE3EED9C1CA8DB7600A5B685 /* PinyinFormatter.m */,
				FE3EED9D1CA8DB7600A5B685 /* PinYinForObjc.h */,
				FE3EED9E1CA8DB7600A5B685 /* PinYinForObjc.m */,
				FE3EED9F1CA8DB7600A5B685 /* PinyinHelper.h */,
				FE3EEDA01CA8DB7600A5B685 /* PinyinHelper.m */,
				FE3EEDA11CA8DB7600A5B685 /* unicode_to_hanyu_pinyin.txt */,
			);
			path = pinyin;
			sourceTree = "<group>";
		};
		FE6262D11CB2B0C000C02B47 /* HospitalContacts */ = {
			isa = PBXGroup;
			children = (
				FE6262D21CB2B0C000C02B47 /* Category */,
				FE6262DD1CB2B0C000C02B47 /* Controller */,
				FE6262E21CB2B0C000C02B47 /* HLContactDoctors.plist */,
				FE6262E31CB2B0C000C02B47 /* model */,
				FE6262E81CB2B0C000C02B47 /* view */,
			);
			path = HospitalContacts;
			sourceTree = "<group>";
		};
		FE6262D21CB2B0C000C02B47 /* Category */ = {
			isa = PBXGroup;
			children = (
				FE6262D31CB2B0C000C02B47 /* NSObject+addressBook.h */,
				FE6262D41CB2B0C000C02B47 /* NSObject+addressBook.m */,
				FE6262D51CB2B0C000C02B47 /* NSObject+TextSize.h */,
				FE6262D61CB2B0C000C02B47 /* NSObject+TextSize.m */,
				FE6262D71CB2B0C000C02B47 /* UIColor+HEX.h */,
				FE6262D81CB2B0C000C02B47 /* UIColor+HEX.m */,
				FE6262D91CB2B0C000C02B47 /* UIImage+Image.h */,
				FE6262DA1CB2B0C000C02B47 /* UIImage+Image.m */,
				FE6262DB1CB2B0C000C02B47 /* UIView+Frame.h */,
				FE6262DC1CB2B0C000C02B47 /* UIView+Frame.m */,
			);
			path = Category;
			sourceTree = "<group>";
		};
		FE6262DD1CB2B0C000C02B47 /* Controller */ = {
			isa = PBXGroup;
			children = (
				FE6262DE1CB2B0C000C02B47 /* HLHospitalContactViewController.h */,
				FE6262DF1CB2B0C000C02B47 /* HLHospitalContactViewController.m */,
				FE6262E01CB2B0C000C02B47 /* HLProfileViewController.h */,
				FE6262E11CB2B0C000C02B47 /* HLProfileViewController.m */,
			);
			path = Controller;
			sourceTree = "<group>";
		};
		FE6262E31CB2B0C000C02B47 /* model */ = {
			isa = PBXGroup;
			children = (
				FE6262E41CB2B0C000C02B47 /* HLContactDoctor.h */,
				FE6262E51CB2B0C000C02B47 /* HLContactDoctor.m */,
				FE6262E61CB2B0C000C02B47 /* HLContactDoctorGroup.h */,
				FE6262E71CB2B0C000C02B47 /* HLContactDoctorGroup.m */,
			);
			path = model;
			sourceTree = "<group>";
		};
		FE6262E81CB2B0C000C02B47 /* view */ = {
			isa = PBXGroup;
			children = (
				FE6262E91CB2B0C000C02B47 /* HLContactDoctorContactsHeadView.h */,
				FE6262EA1CB2B0C000C02B47 /* HLContactDoctorContactsHeadView.m */,
				FE6262EB1CB2B0C000C02B47 /* HLContactProileHeadView.h */,
				FE6262EC1CB2B0C000C02B47 /* HLContactProileHeadView.m */,
				FE6262ED1CB2B0C000C02B47 /* HLContactsProileBaseCell.h */,
				FE6262EE1CB2B0C000C02B47 /* HLContactsProileBaseCell.m */,
				FE6262EF1CB2B0C000C02B47 /* HLContactsProileSecitonCell.h */,
				FE6262F01CB2B0C000C02B47 /* HLContactsProileSecitonCell.m */,
				FE6262F11CB2B0C000C02B47 /* HLContactsTableViewCell.h */,
				FE6262F21CB2B0C000C02B47 /* HLContactsTableViewCell.m */,
			);
			path = view;
			sourceTree = "<group>";
		};
		FE6263061CB2B41000C02B47 /* 3dpart */ = {
			isa = PBXGroup;
			children = (
				FED230ED1CB552BB00531E30 /* QRCodeReaderViewController */,
				FE6263071CB2B42A00C02B47 /* MBProgressHUD+Add.h */,
				FE6263081CB2B42A00C02B47 /* MBProgressHUD+Add.m */,
			);
			path = 3dpart;
			sourceTree = "<group>";
		};
		FE8214611CB4170200846DED /* HLPDFReader */ = {
			isa = PBXGroup;
			children = (
				FE8214621CB4170200846DED /* Catagory */,
				FE8214691CB4170200846DED /* Controller */,
				FE82146E1CB4170200846DED /* HLPDFCatagory.plist */,
				FE82146F1CB4170200846DED /* HLPDFManager.h */,
				FE8214701CB4170200846DED /* HLPDFManager.m */,
				FE8214711CB4170200846DED /* Model */,
				FE8214761CB4170200846DED /* ReaderTool */,
				FE82149F1CB4170200846DED /* View */,
			);
			path = HLPDFReader;
			sourceTree = "<group>";
		};
		FE8214621CB4170200846DED /* Catagory */ = {
			isa = PBXGroup;
			children = (
				FE8214631CB4170200846DED /* NSObject+TextSize.h */,
				FE8214641CB4170200846DED /* NSObject+TextSize.m */,
				FE8214651CB4170200846DED /* UIImage+Image.h */,
				FE8214661CB4170200846DED /* UIImage+Image.m */,
				FE8214671CB4170200846DED /* UIView+Frame.h */,
				FE8214681CB4170200846DED /* UIView+Frame.m */,
			);
			path = Catagory;
			sourceTree = "<group>";
		};
		FE8214691CB4170200846DED /* Controller */ = {
			isa = PBXGroup;
			children = (
				FE82146A1CB4170200846DED /* HLPDFCatagoryController.h */,
				FE82146B1CB4170200846DED /* HLPDFCatagoryController.m */,
				FE82146C1CB4170200846DED /* HLSummaryController.h */,
				FE82146D1CB4170200846DED /* HLSummaryController.m */,
			);
			path = Controller;
			sourceTree = "<group>";
		};
		FE8214711CB4170200846DED /* Model */ = {
			isa = PBXGroup;
			children = (
				FE8214721CB4170200846DED /* HLPDFArticle.h */,
				FE8214731CB4170200846DED /* HLPDFArticle.m */,
				FE8214741CB4170200846DED /* HLPDFCatagory.h */,
				FE8214751CB4170200846DED /* HLPDFCatagory.m */,
			);
			path = Model;
			sourceTree = "<group>";
		};
		FE8214761CB4170200846DED /* ReaderTool */ = {
			isa = PBXGroup;
			children = (
				FE8214771CB4170200846DED /* CGPDFDocument.h */,
				FE8214781CB4170200846DED /* CGPDFDocument.m */,
				FE8214791CB4170200846DED /* ReaderConstants.h */,
				FE82147A1CB4170200846DED /* ReaderConstants.m */,
				FE82147B1CB4170200846DED /* ReaderContentPage.h */,
				FE82147C1CB4170200846DED /* ReaderContentPage.m */,
				FE82147D1CB4170200846DED /* ReaderContentTile.h */,
				FE82147E1CB4170200846DED /* ReaderContentTile.m */,
				FE82147F1CB4170200846DED /* ReaderContentView.h */,
				FE8214801CB4170200846DED /* ReaderContentView.m */,
				FE8214811CB4170200846DED /* ReaderDocument.h */,
				FE8214821CB4170200846DED /* ReaderDocument.m */,
				FE8214831CB4170200846DED /* ReaderDocumentOutline.h */,
				FE8214841CB4170200846DED /* ReaderDocumentOutline.m */,
				FE8214851CB4170200846DED /* ReaderMainPagebar.h */,
				FE8214861CB4170200846DED /* ReaderMainPagebar.m */,
				FE8214871CB4170200846DED /* ReaderMainToolbar.h */,
				FE8214881CB4170200846DED /* ReaderMainToolbar.m */,
				FE8214891CB4170200846DED /* ReaderThumbCache.h */,
				FE82148A1CB4170200846DED /* ReaderThumbCache.m */,
				FE82148B1CB4170200846DED /* ReaderThumbFetch.h */,
				FE82148C1CB4170200846DED /* ReaderThumbFetch.m */,
				FE82148D1CB4170200846DED /* ReaderThumbQueue.h */,
				FE82148E1CB4170200846DED /* ReaderThumbQueue.m */,
				FE82148F1CB4170200846DED /* ReaderThumbRender.h */,
				FE8214901CB4170200846DED /* ReaderThumbRender.m */,
				FE8214911CB4170200846DED /* ReaderThumbRequest.h */,
				FE8214921CB4170200846DED /* ReaderThumbRequest.m */,
				FE8214931CB4170200846DED /* ReaderThumbsView.h */,
				FE8214941CB4170200846DED /* ReaderThumbsView.m */,
				FE8214951CB4170200846DED /* ReaderThumbView.h */,
				FE8214961CB4170200846DED /* ReaderThumbView.m */,
				FE8214971CB4170200846DED /* ReaderViewController.h */,
				FE8214981CB4170200846DED /* ReaderViewController.m */,
				FE8214991CB4170200846DED /* ThumbsMainToolbar.h */,
				FE82149A1CB4170200846DED /* ThumbsMainToolbar.m */,
				FE82149B1CB4170200846DED /* ThumbsViewController.h */,
				FE82149C1CB4170200846DED /* ThumbsViewController.m */,
				FE82149D1CB4170200846DED /* UIXToolbarView.h */,
				FE82149E1CB4170200846DED /* UIXToolbarView.m */,
			);
			path = ReaderTool;
			sourceTree = "<group>";
		};
		FE82149F1CB4170200846DED /* View */ = {
			isa = PBXGroup;
			children = (
				FE8214A01CB4170200846DED /* HLPDFCatagoryHeadView.h */,
				FE8214A11CB4170200846DED /* HLPDFCatagoryHeadView.m */,
			);
			path = View;
			sourceTree = "<group>";
		};
		FED230ED1CB552BB00531E30 /* QRCodeReaderViewController */ = {
			isa = PBXGroup;
			children = (
				FED230EE1CB552BB00531E30 /* QRCameraSwitchButton.h */,
				FED230EF1CB552BB00531E30 /* QRCameraSwitchButton.m */,
				FED230F01CB552BB00531E30 /* QRCodeReader.h */,
				FED230F11CB552BB00531E30 /* QRCodeReader.m */,
				FED230F21CB552BB00531E30 /* QRCodeReaderDelegate.h */,
				FED230F31CB552BB00531E30 /* QRCodeReaderView */,
				FED230FA1CB552BB00531E30 /* QRCodeReaderViewController.h */,
				FED230FB1CB552BB00531E30 /* QRCodeReaderViewController.m */,
				FED230FC1CB552BB00531E30 /* Resources */,
			);
			path = QRCodeReaderViewController;
			sourceTree = "<group>";
		};
		FED230F31CB552BB00531E30 /* QRCodeReaderView */ = {
			isa = PBXGroup;
			children = (
				FED230F41CB552BB00531E30 /* QRCodeReaderAanimationLineView.h */,
				FED230F51CB552BB00531E30 /* QRCodeReaderAanimationLineView.m */,
				FED230F61CB552BB00531E30 /* QRCodeReaderMaskView.h */,
				FED230F71CB552BB00531E30 /* QRCodeReaderMaskView.m */,
				FED230F81CB552BB00531E30 /* QRCodeReaderView.h */,
				FED230F91CB552BB00531E30 /* QRCodeReaderView.m */,
			);
			path = QRCodeReaderView;
			sourceTree = "<group>";
		};
		FED230FC1CB552BB00531E30 /* Resources */ = {
			isa = PBXGroup;
			children = (
				FED230FD1CB552BB00531E30 /* QRCodeBottomLeft@2x.png */,
				FED230FE1CB552BB00531E30 /* QRCodeBottomLeft@3x.png */,
				FED230FF1CB552BB00531E30 /* QRCodeBottomRight@2x.png */,
				FED231001CB552BB00531E30 /* QRCodeBottomRight@3x.png */,
				FED231011CB552BB00531E30 /* QRCodeLine@2x.png */,
				FED231021CB552BB00531E30 /* QRCodeLine@3x.png */,
				FED231031CB552BB00531E30 /* QRCodeTopLeft@2x.png */,
				FED231041CB552BB00531E30 /* QRCodeTopLeft@3x.png */,
				FED231051CB552BB00531E30 /* QRCodeTopRight@2x.png */,
				FED231061CB552BB00531E30 /* QRCodeTopRight@3x.png */,
			);
			path = Resources;
			sourceTree = "<group>";
		};
/* End PBXGroup section */

/* Begin PBXNativeTarget section */
		FE0943461C856D6000D6ABC7 /* mh-doctorControl */ = {
			isa = PBXNativeTarget;
			buildConfigurationList = FE0943741C856D6000D6ABC7 /* Build configuration list for PBXNativeTarget "mh-doctorControl" */;
			buildPhases = (
				A08346B8581322D2DEBE60ED /* Check Pods Manifest.lock */,
				FE0943431C856D6000D6ABC7 /* Sources */,
				FE0943441C856D6000D6ABC7 /* Frameworks */,
				FE0943451C856D6000D6ABC7 /* Resources */,
				BEA2E90927F51D2411BA064B /* Embed Pods Frameworks */,
				DAF53F5D575879CAB451A9E3 /* Copy Pods Resources */,
			);
			buildRules = (
			);
			dependencies = (
			);
			name = "mh-doctorControl";
			productName = "mh-doctorControl";
			productReference = FE0943471C856D6000D6ABC7 /* mh-doctorControl.app */;
			productType = "com.apple.product-type.application";
		};
		FE09435F1C856D6000D6ABC7 /* mh-doctorControlTests */ = {
			isa = PBXNativeTarget;
			buildConfigurationList = FE0943771C856D6000D6ABC7 /* Build configuration list for PBXNativeTarget "mh-doctorControlTests" */;
			buildPhases = (
				FE09435C1C856D6000D6ABC7 /* Sources */,
				FE09435D1C856D6000D6ABC7 /* Frameworks */,
				FE09435E1C856D6000D6ABC7 /* Resources */,
			);
			buildRules = (
			);
			dependencies = (
				FE0943621C856D6000D6ABC7 /* PBXTargetDependency */,
			);
			name = "mh-doctorControlTests";
			productName = "mh-doctorControlTests";
			productReference = FE0943601C856D6000D6ABC7 /* mh-doctorControlTests.xctest */;
			productType = "com.apple.product-type.bundle.unit-test";
		};
		FE09436A1C856D6000D6ABC7 /* mh-doctorControlUITests */ = {
			isa = PBXNativeTarget;
			buildConfigurationList = FE09437A1C856D6000D6ABC7 /* Build configuration list for PBXNativeTarget "mh-doctorControlUITests" */;
			buildPhases = (
				FE0943671C856D6000D6ABC7 /* Sources */,
				FE0943681C856D6000D6ABC7 /* Frameworks */,
				FE0943691C856D6000D6ABC7 /* Resources */,
			);
			buildRules = (
			);
			dependencies = (
				FE09436D1C856D6000D6ABC7 /* PBXTargetDependency */,
			);
			name = "mh-doctorControlUITests";
			productName = "mh-doctorControlUITests";
			productReference = FE09436B1C856D6000D6ABC7 /* mh-doctorControlUITests.xctest */;
			productType = "com.apple.product-type.bundle.ui-testing";
		};
/* End PBXNativeTarget section */

/* Begin PBXProject section */
		FE09433F1C856D6000D6ABC7 /* Project object */ = {
			isa = PBXProject;
			attributes = {
				LastUpgradeCheck = 0720;
				ORGANIZATIONNAME = minghanzhao;
				TargetAttributes = {
					FE0943461C856D6000D6ABC7 = {
						CreatedOnToolsVersion = 7.2.1;
					};
					FE09435F1C856D6000D6ABC7 = {
						CreatedOnToolsVersion = 7.2.1;
						TestTargetID = FE0943461C856D6000D6ABC7;
					};
					FE09436A1C856D6000D6ABC7 = {
						CreatedOnToolsVersion = 7.2.1;
						TestTargetID = FE0943461C856D6000D6ABC7;
					};
				};
			};
			buildConfigurationList = FE0943421C856D6000D6ABC7 /* Build configuration list for PBXProject "mh-doctorControl" */;
			compatibilityVersion = "Xcode 3.2";
			developmentRegion = English;
			hasScannedForEncodings = 0;
			knownRegions = (
				en,
				Base,
			);
			mainGroup = FE09433E1C856D6000D6ABC7;
			productRefGroup = FE0943481C856D6000D6ABC7 /* Products */;
			projectDirPath = "";
			projectRoot = "";
			targets = (
				FE0943461C856D6000D6ABC7 /* mh-doctorControl */,
				FE09435F1C856D6000D6ABC7 /* mh-doctorControlTests */,
				FE09436A1C856D6000D6ABC7 /* mh-doctorControlUITests */,
			);
		};
/* End PBXProject section */

/* Begin PBXResourcesBuildPhase section */
		FE0943451C856D6000D6ABC7 /* Resources */ = {
			isa = PBXResourcesBuildPhase;
			buildActionMask = 2147483647;
			files = (
				FE6262FA1CB2B0C000C02B47 /* HLContactDoctors.plist in Resources */,
				FED2310F1CB552BB00531E30 /* QRCodeBottomRight@2x.png in Resources */,
				FED2310E1CB552BB00531E30 /* QRCodeBottomLeft@3x.png in Resources */,
				FE8214A71CB4170200846DED /* HLPDFCatagory.plist in Resources */,
				FE8214601CB3FC2C00846DED /* ConsultRecorTableViewCell.xib in Resources */,
				FED231131CB552BB00531E30 /* QRCodeTopLeft@2x.png in Resources */,
				FE3EEDA91CA8DB7600A5B685 /* unicode_to_hanyu_pinyin.txt in Resources */,
				FED2311D1CB67E3100531E30 /* webpart in Resources */,
				FE97C1401CABBDD400AAD915 /* DoctorInfo.plist in Resources */,
				FED231121CB552BB00531E30 /* QRCodeLine@3x.png in Resources */,
				FED231101CB552BB00531E30 /* QRCodeBottomRight@3x.png in Resources */,
				FE97C13B1CAB7B7F00AAD915 /* FamousDoctorTableViewCell.xib in Resources */,
				FE09439E1C8580CB00D6ABC7 /* LaunchScreen.storyboard in Resources */,
				FE0FA0241C9F9B290042FC3E /* DoctorInfoViewController.xib in Resources */,
				FE0943A31C85D3DD00D6ABC7 /* Assets.xcassets in Resources */,
				FED231141CB552BB00531E30 /* QRCodeTopLeft@3x.png in Resources */,
				FED231151CB552BB00531E30 /* QRCodeTopRight@2x.png in Resources */,
				FED231161CB552BB00531E30 /* QRCodeTopRight@3x.png in Resources */,
				FED231111CB552BB00531E30 /* QRCodeLine@2x.png in Resources */,
				FE0FA0281C9F9B290042FC3E /* HomeViewController.xib in Resources */,
				FE0FA02A1C9F9B290042FC3E /* IndividalSettingViewController.xib in Resources */,
				FED2310D1CB552BB00531E30 /* QRCodeBottomLeft@2x.png in Resources */,
				FEF689BB1CB00CC000595F93 /* DoctorInfoTableViewCell.xib in Resources */,
			);
			runOnlyForDeploymentPostprocessing = 0;
		};
		FE09435E1C856D6000D6ABC7 /* Resources */ = {
			isa = PBXResourcesBuildPhase;
			buildActionMask = 2147483647;
			files = (
			);
			runOnlyForDeploymentPostprocessing = 0;
		};
		FE0943691C856D6000D6ABC7 /* Resources */ = {
			isa = PBXResourcesBuildPhase;
			buildActionMask = 2147483647;
			files = (
			);
			runOnlyForDeploymentPostprocessing = 0;
		};
/* End PBXResourcesBuildPhase section */

/* Begin PBXShellScriptBuildPhase section */
		A08346B8581322D2DEBE60ED /* Check Pods Manifest.lock */ = {
			isa = PBXShellScriptBuildPhase;
			buildActionMask = 2147483647;
			files = (
			);
			inputPaths = (
			);
			name = "Check Pods Manifest.lock";
			outputPaths = (
			);
			runOnlyForDeploymentPostprocessing = 0;
			shellPath = /bin/sh;
			shellScript = "diff \"${PODS_ROOT}/../Podfile.lock\" \"${PODS_ROOT}/Manifest.lock\" > /dev/null\nif [[ $? != 0 ]] ; then\n    cat << EOM\nerror: The sandbox is not in sync with the Podfile.lock. Run 'pod install' or update your CocoaPods installation.\nEOM\n    exit 1\nfi\n";
			showEnvVarsInLog = 0;
		};
		BEA2E90927F51D2411BA064B /* Embed Pods Frameworks */ = {
			isa = PBXShellScriptBuildPhase;
			buildActionMask = 2147483647;
			files = (
			);
			inputPaths = (
			);
			name = "Embed Pods Frameworks";
			outputPaths = (
			);
			runOnlyForDeploymentPostprocessing = 0;
			shellPath = /bin/sh;
			shellScript = "\"${SRCROOT}/Pods/Target Support Files/Pods-mh-doctorControl/Pods-mh-doctorControl-frameworks.sh\"\n";
			showEnvVarsInLog = 0;
		};
		DAF53F5D575879CAB451A9E3 /* Copy Pods Resources */ = {
			isa = PBXShellScriptBuildPhase;
			buildActionMask = 2147483647;
			files = (
			);
			inputPaths = (
			);
			name = "Copy Pods Resources";
			outputPaths = (
			);
			runOnlyForDeploymentPostprocessing = 0;
			shellPath = /bin/sh;
			shellScript = "\"${SRCROOT}/Pods/Target Support Files/Pods-mh-doctorControl/Pods-mh-doctorControl-resources.sh\"\n";
			showEnvVarsInLog = 0;
		};
/* End PBXShellScriptBuildPhase section */

/* Begin PBXSourcesBuildPhase section */
		FE0943431C856D6000D6ABC7 /* Sources */ = {
			isa = PBXSourcesBuildPhase;
			buildActionMask = 2147483647;
			files = (
				FEF689BA1CB00CC000595F93 /* DoctorInfoTableViewCell.m in Sources */,
				FE8214AD1CB4170200846DED /* ReaderContentPage.m in Sources */,
				FE0FA0291C9F9B290042FC3E /* IndividalSettingViewController.m in Sources */,
				FE8214BD1CB4170200846DED /* ThumbsViewController.m in Sources */,
				FE0FA0211C9F9B290042FC3E /* AppDelegate.m in Sources */,
				FE8214B11CB4170200846DED /* ReaderDocumentOutline.m in Sources */,
				FE8214AC1CB4170200846DED /* ReaderConstants.m in Sources */,
				FE27E8A01CA2DD850036515B /* MHSearchBar.m in Sources */,
				FE6262F41CB2B0C000C02B47 /* NSObject+TextSize.m in Sources */,
				FE8214B01CB4170200846DED /* ReaderDocument.m in Sources */,
				FE8214B71CB4170200846DED /* ReaderThumbRender.m in Sources */,
				FE6263001CB2B0C000C02B47 /* HLContactsProileSecitonCell.m in Sources */,
				FEF689B61CAEBD0C00595F93 /* DoctorFunctionViewController.m in Sources */,
				FE8214A31CB4170200846DED /* UIImage+Image.m in Sources */,
				FE6263091CB2B42A00C02B47 /* MBProgressHUD+Add.m in Sources */,
				FE8214B91CB4170200846DED /* ReaderThumbsView.m in Sources */,
				FE3EEDA21CA8DB7600A5B685 /* ChineseInclude.m in Sources */,
				FE0FA0261C9F9B290042FC3E /* TeamViewController.m in Sources */,
				FE8214A91CB4170200846DED /* HLPDFArticle.m in Sources */,
				FE6262FE1CB2B0C000C02B47 /* HLContactProileHeadView.m in Sources */,
				FE8214BE1CB4170200846DED /* UIXToolbarView.m in Sources */,
				FE82145F1CB3FC2C00846DED /* ConsultRecorTableViewCell.m in Sources */,
				FE8214B41CB4170200846DED /* ReaderThumbCache.m in Sources */,
				FE8214BA1CB4170200846DED /* ReaderThumbView.m in Sources */,
				FE6262FB1CB2B0C000C02B47 /* HLContactDoctor.m in Sources */,
				FE3EEDA71CA8DB7600A5B685 /* PinYinForObjc.m in Sources */,
				FEF689BE1CB0289D00595F93 /* OpenServiceTableViewController.m in Sources */,
				FED2310C1CB552BB00531E30 /* QRCodeReaderViewController.m in Sources */,
				FE3EEDA31CA8DB7600A5B685 /* ChineseToPinyinResource.m in Sources */,
				FE97C13A1CAB7B7F00AAD915 /* FamousDoctorTableViewCell.m in Sources */,
				FE6263011CB2B0C000C02B47 /* HLContactsTableViewCell.m in Sources */,
				FED231091CB552BB00531E30 /* QRCodeReaderAanimationLineView.m in Sources */,
				FE0FA0221C9F9B290042FC3E /* MainViewController.m in Sources */,
				FE8214AB1CB4170200846DED /* CGPDFDocument.m in Sources */,
				FE8214A81CB4170200846DED /* HLPDFManager.m in Sources */,
				FE09434C1C856D6000D6ABC7 /* main.m in Sources */,
				FE8214B81CB4170200846DED /* ReaderThumbRequest.m in Sources */,
				FEF689C41CB153E900595F93 /* PatientCommentTableViewController.m in Sources */,
				FE8214BC1CB4170200846DED /* ThumbsMainToolbar.m in Sources */,
				FE8214B51CB4170200846DED /* ReaderThumbFetch.m in Sources */,
				FE8214B21CB4170200846DED /* ReaderMainPagebar.m in Sources */,
				FE0FA0231C9F9B290042FC3E /* DoctorInfoViewController.m in Sources */,
				FE3EEDAC1CA8FAB500A5B685 /* HanyuPinyinOutputFormat.m in Sources */,
				FE8214BF1CB4170200846DED /* HLPDFCatagoryHeadView.m in Sources */,
				FE6262FD1CB2B0C000C02B47 /* HLContactDoctorContactsHeadView.m in Sources */,
				FE6262F51CB2B0C000C02B47 /* UIColor+HEX.m in Sources */,
				FE8214A21CB4170200846DED /* NSObject+TextSize.m in Sources */,
				FE6262F71CB2B0C000C02B47 /* UIView+Frame.m in Sources */,
				FED231191CB565ED00531E30 /* WebViewInfoViewController.m in Sources */,
				FE8214AE1CB4170200846DED /* ReaderContentTile.m in Sources */,
				FE3EEDA81CA8DB7600A5B685 /* PinyinHelper.m in Sources */,
				FE6262FF1CB2B0C000C02B47 /* HLContactsProileBaseCell.m in Sources */,
				FE8214B31CB4170200846DED /* ReaderMainToolbar.m in Sources */,
				FED231081CB552BB00531E30 /* QRCodeReader.m in Sources */,
				FE6262F81CB2B0C000C02B47 /* HLHospitalContactViewController.m in Sources */,
				FED231071CB552BB00531E30 /* QRCameraSwitchButton.m in Sources */,
				FEF689C11CB1534E00595F93 /* ConsultRecordTableViewController.m in Sources */,
				FE8214A61CB4170200846DED /* HLSummaryController.m in Sources */,
				FE8214A41CB4170200846DED /* UIView+Frame.m in Sources */,
				FE97C13E1CABB86100AAD915 /* DoctorInfoModel.m in Sources */,
				FE6262F31CB2B0C000C02B47 /* NSObject+addressBook.m in Sources */,
				FE6262F91CB2B0C000C02B47 /* HLProfileViewController.m in Sources */,
				FE3EEDA61CA8DB7600A5B685 /* PinyinFormatter.m in Sources */,
				FE8214AA1CB4170200846DED /* HLPDFCatagory.m in Sources */,
				FE8214AF1CB4170200846DED /* ReaderContentView.m in Sources */,
				FE6262FC1CB2B0C000C02B47 /* HLContactDoctorGroup.m in Sources */,
				FE8214BB1CB4170200846DED /* ReaderViewController.m in Sources */,
				FE27E89D1CA2D4F40036515B /* FamousDoctorSearchTableViewController.m in Sources */,
				FE8214A51CB4170200846DED /* HLPDFCatagoryController.m in Sources */,
				FE3EEDA51CA8DB7600A5B685 /* NSString+PinYin4Cocoa.m in Sources */,
				FE0FA0271C9F9B290042FC3E /* HomeViewController.m in Sources */,
				FE8214B61CB4170200846DED /* ReaderThumbQueue.m in Sources */,
				FE6262F61CB2B0C000C02B47 /* UIImage+Image.m in Sources */,
				FEDE6A071CC5420000581910 /* DoctorIntroduceViewController.m in Sources */,
				FED2310A1CB552BB00531E30 /* QRCodeReaderMaskView.m in Sources */,
				FED2310B1CB552BB00531E30 /* QRCodeReaderView.m in Sources */,
				FEF689C71CB15D6F00595F93 /* InfoChooseViewController.m in Sources */,
				FE0FA0251C9F9B290042FC3E /* FocusViewController.m in Sources */,
			);
			runOnlyForDeploymentPostprocessing = 0;
		};
		FE09435C1C856D6000D6ABC7 /* Sources */ = {
			isa = PBXSourcesBuildPhase;
			buildActionMask = 2147483647;
			files = (
				FE0943651C856D6000D6ABC7 /* mh_doctorControlTests.m in Sources */,
			);
			runOnlyForDeploymentPostprocessing = 0;
		};
		FE0943671C856D6000D6ABC7 /* Sources */ = {
			isa = PBXSourcesBuildPhase;
			buildActionMask = 2147483647;
			files = (
				FE0943701C856D6000D6ABC7 /* mh_doctorControlUITests.m in Sources */,
			);
			runOnlyForDeploymentPostprocessing = 0;
		};
/* End PBXSourcesBuildPhase section */

/* Begin PBXTargetDependency section */
		FE0943621C856D6000D6ABC7 /* PBXTargetDependency */ = {
			isa = PBXTargetDependency;
			target = FE0943461C856D6000D6ABC7 /* mh-doctorControl */;
			targetProxy = FE0943611C856D6000D6ABC7 /* PBXContainerItemProxy */;
		};
		FE09436D1C856D6000D6ABC7 /* PBXTargetDependency */ = {
			isa = PBXTargetDependency;
			target = FE0943461C856D6000D6ABC7 /* mh-doctorControl */;
			targetProxy = FE09436C1C856D6000D6ABC7 /* PBXContainerItemProxy */;
		};
/* End PBXTargetDependency section */

/* Begin PBXVariantGroup section */
		FE09439A1C8580CB00D6ABC7 /* LaunchScreen.storyboard */ = {
			isa = PBXVariantGroup;
			children = (
				FE09439B1C8580CB00D6ABC7 /* Base */,
			);
			name = LaunchScreen.storyboard;
			sourceTree = "<group>";
		};
/* End PBXVariantGroup section */

/* Begin XCBuildConfiguration section */
		FE0943721C856D6000D6ABC7 /* Debug */ = {
			isa = XCBuildConfiguration;
			buildSettings = {
				ALWAYS_SEARCH_USER_PATHS = NO;
				CLANG_CXX_LANGUAGE_STANDARD = "gnu++0x";
				CLANG_CXX_LIBRARY = "libc++";
				CLANG_ENABLE_MODULES = YES;
				CLANG_ENABLE_OBJC_ARC = YES;
				CLANG_WARN_BOOL_CONVERSION = YES;
				CLANG_WARN_CONSTANT_CONVERSION = YES;
				CLANG_WARN_DIRECT_OBJC_ISA_USAGE = YES_ERROR;
				CLANG_WARN_EMPTY_BODY = YES;
				CLANG_WARN_ENUM_CONVERSION = YES;
				CLANG_WARN_INT_CONVERSION = YES;
				CLANG_WARN_OBJC_ROOT_CLASS = YES_ERROR;
				CLANG_WARN_UNREACHABLE_CODE = YES;
				CLANG_WARN__DUPLICATE_METHOD_MATCH = YES;
				"CODE_SIGN_IDENTITY[sdk=iphoneos*]" = "iPhone Developer";
				COPY_PHASE_STRIP = NO;
				DEBUG_INFORMATION_FORMAT = dwarf;
				ENABLE_STRICT_OBJC_MSGSEND = YES;
				ENABLE_TESTABILITY = YES;
				GCC_C_LANGUAGE_STANDARD = gnu99;
				GCC_DYNAMIC_NO_PIC = NO;
				GCC_NO_COMMON_BLOCKS = YES;
				GCC_OPTIMIZATION_LEVEL = 0;
				GCC_PREPROCESSOR_DEFINITIONS = (
					"DEBUG=1",
					"$(inherited)",
				);
				GCC_WARN_64_TO_32_BIT_CONVERSION = YES;
				GCC_WARN_ABOUT_RETURN_TYPE = YES_ERROR;
				GCC_WARN_UNDECLARED_SELECTOR = YES;
				GCC_WARN_UNINITIALIZED_AUTOS = YES_AGGRESSIVE;
				GCC_WARN_UNUSED_FUNCTION = YES;
				GCC_WARN_UNUSED_VARIABLE = YES;
				IPHONEOS_DEPLOYMENT_TARGET = 9.2;
				MTL_ENABLE_DEBUG_INFO = YES;
				ONLY_ACTIVE_ARCH = YES;
				SDKROOT = iphoneos;
				TARGETED_DEVICE_FAMILY = "1,2";
			};
			name = Debug;
		};
		FE0943731C856D6000D6ABC7 /* Release */ = {
			isa = XCBuildConfiguration;
			buildSettings = {
				ALWAYS_SEARCH_USER_PATHS = NO;
				CLANG_CXX_LANGUAGE_STANDARD = "gnu++0x";
				CLANG_CXX_LIBRARY = "libc++";
				CLANG_ENABLE_MODULES = YES;
				CLANG_ENABLE_OBJC_ARC = YES;
				CLANG_WARN_BOOL_CONVERSION = YES;
				CLANG_WARN_CONSTANT_CONVERSION = YES;
				CLANG_WARN_DIRECT_OBJC_ISA_USAGE = YES_ERROR;
				CLANG_WARN_EMPTY_BODY = YES;
				CLANG_WARN_ENUM_CONVERSION = YES;
				CLANG_WARN_INT_CONVERSION = YES;
				CLANG_WARN_OBJC_ROOT_CLASS = YES_ERROR;
				CLANG_WARN_UNREACHABLE_CODE = YES;
				CLANG_WARN__DUPLICATE_METHOD_MATCH = YES;
				"CODE_SIGN_IDENTITY[sdk=iphoneos*]" = "iPhone Developer";
				COPY_PHASE_STRIP = NO;
				DEBUG_INFORMATION_FORMAT = "dwarf-with-dsym";
				ENABLE_NS_ASSERTIONS = NO;
				ENABLE_STRICT_OBJC_MSGSEND = YES;
				GCC_C_LANGUAGE_STANDARD = gnu99;
				GCC_NO_COMMON_BLOCKS = YES;
				GCC_WARN_64_TO_32_BIT_CONVERSION = YES;
				GCC_WARN_ABOUT_RETURN_TYPE = YES_ERROR;
				GCC_WARN_UNDECLARED_SELECTOR = YES;
				GCC_WARN_UNINITIALIZED_AUTOS = YES_AGGRESSIVE;
				GCC_WARN_UNUSED_FUNCTION = YES;
				GCC_WARN_UNUSED_VARIABLE = YES;
				IPHONEOS_DEPLOYMENT_TARGET = 9.2;
				MTL_ENABLE_DEBUG_INFO = NO;
				SDKROOT = iphoneos;
				TARGETED_DEVICE_FAMILY = "1,2";
				VALIDATE_PRODUCT = YES;
			};
			name = Release;
		};
		FE0943751C856D6000D6ABC7 /* Debug */ = {
			isa = XCBuildConfiguration;
			baseConfigurationReference = 9A02623EA073488176D07A08 /* Pods-mh-doctorControl.debug.xcconfig */;
			buildSettings = {
				ASSETCATALOG_COMPILER_APPICON_NAME = AppIcon;
				INFOPLIST_FILE = "mh-doctorControl/Info.plist";
				IPHONEOS_DEPLOYMENT_TARGET = 9.2;
				LD_RUNPATH_SEARCH_PATHS = "$(inherited) @executable_path/Frameworks";
				PRODUCT_BUNDLE_IDENTIFIER = "com.zmh.mh-doctorControl";
				PRODUCT_NAME = "$(TARGET_NAME)";
			};
			name = Debug;
		};
		FE0943761C856D6000D6ABC7 /* Release */ = {
			isa = XCBuildConfiguration;
			baseConfigurationReference = 5551EBE1C359DBF24B11AE58 /* Pods-mh-doctorControl.release.xcconfig */;
			buildSettings = {
				ASSETCATALOG_COMPILER_APPICON_NAME = AppIcon;
				INFOPLIST_FILE = "mh-doctorControl/Info.plist";
				IPHONEOS_DEPLOYMENT_TARGET = 9.2;
				LD_RUNPATH_SEARCH_PATHS = "$(inherited) @executable_path/Frameworks";
				PRODUCT_BUNDLE_IDENTIFIER = "com.zmh.mh-doctorControl";
				PRODUCT_NAME = "$(TARGET_NAME)";
			};
			name = Release;
		};
		FE0943781C856D6000D6ABC7 /* Debug */ = {
			isa = XCBuildConfiguration;
			buildSettings = {
				BUNDLE_LOADER = "$(TEST_HOST)";
				INFOPLIST_FILE = "mh-doctorControlTests/Info.plist";
				LD_RUNPATH_SEARCH_PATHS = "$(inherited) @executable_path/Frameworks @loader_path/Frameworks";
				PRODUCT_BUNDLE_IDENTIFIER = "com.zmh.mh-doctorControlTests";
				PRODUCT_NAME = "$(TARGET_NAME)";
				TEST_HOST = "$(BUILT_PRODUCTS_DIR)/mh-doctorControl.app/mh-doctorControl";
			};
			name = Debug;
		};
		FE0943791C856D6000D6ABC7 /* Release */ = {
			isa = XCBuildConfiguration;
			buildSettings = {
				BUNDLE_LOADER = "$(TEST_HOST)";
				INFOPLIST_FILE = "mh-doctorControlTests/Info.plist";
				LD_RUNPATH_SEARCH_PATHS = "$(inherited) @executable_path/Frameworks @loader_path/Frameworks";
				PRODUCT_BUNDLE_IDENTIFIER = "com.zmh.mh-doctorControlTests";
				PRODUCT_NAME = "$(TARGET_NAME)";
				TEST_HOST = "$(BUILT_PRODUCTS_DIR)/mh-doctorControl.app/mh-doctorControl";
			};
			name = Release;
		};
		FE09437B1C856D6000D6ABC7 /* Debug */ = {
			isa = XCBuildConfiguration;
			buildSettings = {
				INFOPLIST_FILE = "mh-doctorControlUITests/Info.plist";
				LD_RUNPATH_SEARCH_PATHS = "$(inherited) @executable_path/Frameworks @loader_path/Frameworks";
				PRODUCT_BUNDLE_IDENTIFIER = "com.zmh.mh-doctorControlUITests";
				PRODUCT_NAME = "$(TARGET_NAME)";
				TEST_TARGET_NAME = "mh-doctorControl";
				USES_XCTRUNNER = YES;
			};
			name = Debug;
		};
		FE09437C1C856D6000D6ABC7 /* Release */ = {
			isa = XCBuildConfiguration;
			buildSettings = {
				INFOPLIST_FILE = "mh-doctorControlUITests/Info.plist";
				LD_RUNPATH_SEARCH_PATHS = "$(inherited) @executable_path/Frameworks @loader_path/Frameworks";
				PRODUCT_BUNDLE_IDENTIFIER = "com.zmh.mh-doctorControlUITests";
				PRODUCT_NAME = "$(TARGET_NAME)";
				TEST_TARGET_NAME = "mh-doctorControl";
				USES_XCTRUNNER = YES;
			};
			name = Release;
		};
/* End XCBuildConfiguration section */

/* Begin XCConfigurationList section */
		FE0943421C856D6000D6ABC7 /* Build configuration list for PBXProject "mh-doctorControl" */ = {
			isa = XCConfigurationList;
			buildConfigurations = (
				FE0943721C856D6000D6ABC7 /* Debug */,
				FE0943731C856D6000D6ABC7 /* Release */,
			);
			defaultConfigurationIsVisible = 0;
			defaultConfigurationName = Release;
		};
		FE0943741C856D6000D6ABC7 /* Build configuration list for PBXNativeTarget "mh-doctorControl" */ = {
			isa = XCConfigurationList;
			buildConfigurations = (
				FE0943751C856D6000D6ABC7 /* Debug */,
				FE0943761C856D6000D6ABC7 /* Release */,
			);
			defaultConfigurationIsVisible = 0;
			defaultConfigurationName = Release;
		};
		FE0943771C856D6000D6ABC7 /* Build configuration list for PBXNativeTarget "mh-doctorControlTests" */ = {
			isa = XCConfigurationList;
			buildConfigurations = (
				FE0943781C856D6000D6ABC7 /* Debug */,
				FE0943791C856D6000D6ABC7 /* Release */,
			);
			defaultConfigurationIsVisible = 0;
			defaultConfigurationName = Release;
		};
		FE09437A1C856D6000D6ABC7 /* Build configuration list for PBXNativeTarget "mh-doctorControlUITests" */ = {
			isa = XCConfigurationList;
			buildConfigurations = (
				FE09437B1C856D6000D6ABC7 /* Debug */,
				FE09437C1C856D6000D6ABC7 /* Release */,
			);
			defaultConfigurationIsVisible = 0;
			defaultConfigurationName = Release;
		};
/* End XCConfigurationList section */
	};
	rootObject = FE09433F1C856D6000D6ABC7 /* Project object */;
}
